// !$*UTF8*$!
{
	archiveVersion = 1;
	classes = {
	};
	objectVersion = 56;
	objects = {

/* Begin PBXBuildFile section */
		500A7A692A41CA6700070C40 /* UIColor+Extensions.swift in Sources */ = {isa = PBXBuildFile; fileRef = 500A7A682A41CA6700070C40 /* UIColor+Extensions.swift */; };
		5017451E2A5463AE007A1400 /* TrackersPlaceholderViewModel.swift in Sources */ = {isa = PBXBuildFile; fileRef = 5017451D2A5463AE007A1400 /* TrackersPlaceholderViewModel.swift */; };
		501A4DF72A5082470071A559 /* GeometricParams.swift in Sources */ = {isa = PBXBuildFile; fileRef = 501A4DF62A5082470071A559 /* GeometricParams.swift */; };
		501A4DFC2A52FB9C0071A559 /* UITableViewCell+Extensions.swift in Sources */ = {isa = PBXBuildFile; fileRef = 501A4DFB2A52FB9C0071A559 /* UITableViewCell+Extensions.swift */; };
		502347E52A41D2EE00D41D79 /* TrackersViewController.swift in Sources */ = {isa = PBXBuildFile; fileRef = 502347E42A41D2EE00D41D79 /* TrackersViewController.swift */; };
		502347E92A41D5D500D41D79 /* StatisticsViewController.swift in Sources */ = {isa = PBXBuildFile; fileRef = 502347E82A41D5D500D41D79 /* StatisticsViewController.swift */; };
		502347F32A41F66B00D41D79 /* CGFloat+Extensions.swift in Sources */ = {isa = PBXBuildFile; fileRef = 502347F22A41F66B00D41D79 /* CGFloat+Extensions.swift */; };
		502347F82A422E6200D41D79 /* TrackersCollectionViewCell.swift in Sources */ = {isa = PBXBuildFile; fileRef = 502347F72A422E6200D41D79 /* TrackersCollectionViewCell.swift */; };
		502347FB2A422EC700D41D79 /* TrackersHeader.swift in Sources */ = {isa = PBXBuildFile; fileRef = 502347FA2A422EC600D41D79 /* TrackersHeader.swift */; };
		502347FD2A4234C000D41D79 /* TrackersPlaceholderView.swift in Sources */ = {isa = PBXBuildFile; fileRef = 502347FC2A4234C000D41D79 /* TrackersPlaceholderView.swift */; };
		502347FF2A423A0800D41D79 /* Tracker.swift in Sources */ = {isa = PBXBuildFile; fileRef = 502347FE2A423A0800D41D79 /* Tracker.swift */; };
		502348012A423A1F00D41D79 /* TrackerCategory.swift in Sources */ = {isa = PBXBuildFile; fileRef = 502348002A423A1F00D41D79 /* TrackerCategory.swift */; };
		502348032A423A3800D41D79 /* TrackerRecord.swift in Sources */ = {isa = PBXBuildFile; fileRef = 502348022A423A3800D41D79 /* TrackerRecord.swift */; };
		50330A342A3B92BE0073FB6D /* AppDelegate.swift in Sources */ = {isa = PBXBuildFile; fileRef = 50330A332A3B92BE0073FB6D /* AppDelegate.swift */; };
		50330A362A3B92BE0073FB6D /* SceneDelegate.swift in Sources */ = {isa = PBXBuildFile; fileRef = 50330A352A3B92BE0073FB6D /* SceneDelegate.swift */; };
		50330A3D2A3B92BF0073FB6D /* Assets.xcassets in Resources */ = {isa = PBXBuildFile; fileRef = 50330A3C2A3B92BF0073FB6D /* Assets.xcassets */; };
		50330A402A3B92BF0073FB6D /* LaunchScreen.storyboard in Resources */ = {isa = PBXBuildFile; fileRef = 50330A3E2A3B92BF0073FB6D /* LaunchScreen.storyboard */; };
		5049965A2A45C0B200144E3A /* TrackersPresenter.swift in Sources */ = {isa = PBXBuildFile; fileRef = 504996592A45C0B200144E3A /* TrackersPresenter.swift */; };
		5049965C2A45C0F400144E3A /* TrackersViewControllerProtocol.swift in Sources */ = {isa = PBXBuildFile; fileRef = 5049965B2A45C0F400144E3A /* TrackersViewControllerProtocol.swift */; };
		5049965E2A45C12F00144E3A /* TrackersPresenterProtocol.swift in Sources */ = {isa = PBXBuildFile; fileRef = 5049965D2A45C12F00144E3A /* TrackersPresenterProtocol.swift */; };
		504996612A45C88200144E3A /* ConfigurableViewProtocol.swift in Sources */ = {isa = PBXBuildFile; fileRef = 504996602A45C88200144E3A /* ConfigurableViewProtocol.swift */; };
		504996632A45D4B900144E3A /* TrackersCollectionViewCellDelegate.swift in Sources */ = {isa = PBXBuildFile; fileRef = 504996622A45D4B900144E3A /* TrackersCollectionViewCellDelegate.swift */; };
		504996662A45E83E00144E3A /* TrackersAssembly.swift in Sources */ = {isa = PBXBuildFile; fileRef = 504996652A45E83E00144E3A /* TrackersAssembly.swift */; };
		504996682A45E85D00144E3A /* TrackersAssemblyProtocol.swift in Sources */ = {isa = PBXBuildFile; fileRef = 504996672A45E85D00144E3A /* TrackersAssemblyProtocol.swift */; };
		5049966A2A45EDEB00144E3A /* TrackersCreateViewController.swift in Sources */ = {isa = PBXBuildFile; fileRef = 504996692A45EDEB00144E3A /* TrackersCreateViewController.swift */; };
		5049966F2A46FEF000144E3A /* TrackersCreateAssembly.swift in Sources */ = {isa = PBXBuildFile; fileRef = 5049966E2A46FEF000144E3A /* TrackersCreateAssembly.swift */; };
		504996712A46FF0B00144E3A /* TrackersCreateAssemblyProtocol.swift in Sources */ = {isa = PBXBuildFile; fileRef = 504996702A46FF0B00144E3A /* TrackersCreateAssemblyProtocol.swift */; };
		504996742A470CE500144E3A /* YPPrimaryButton.swift in Sources */ = {isa = PBXBuildFile; fileRef = 504996732A470CE500144E3A /* YPPrimaryButton.swift */; };
		5049967B2A47116300144E3A /* NewTrackerViewController.swift in Sources */ = {isa = PBXBuildFile; fileRef = 5049967A2A47116300144E3A /* NewTrackerViewController.swift */; };
		5049967D2A47117800144E3A /* NewTrackerViewControllerProtocol.swift in Sources */ = {isa = PBXBuildFile; fileRef = 5049967C2A47117800144E3A /* NewTrackerViewControllerProtocol.swift */; };
		5049967F2A47118500144E3A /* NewTrackerAssembly.swift in Sources */ = {isa = PBXBuildFile; fileRef = 5049967E2A47118500144E3A /* NewTrackerAssembly.swift */; };
		504996812A47119400144E3A /* NewTrackerAssemblyProtocol.swift in Sources */ = {isa = PBXBuildFile; fileRef = 504996802A47119400144E3A /* NewTrackerAssemblyProtocol.swift */; };
		504996862A49B56600144E3A /* NewTrackerTableViewCell.swift in Sources */ = {isa = PBXBuildFile; fileRef = 504996852A49B56600144E3A /* NewTrackerTableViewCell.swift */; };
		504996882A49EAF800144E3A /* YPSecondaryButton.swift in Sources */ = {isa = PBXBuildFile; fileRef = 504996872A49EAF800144E3A /* YPSecondaryButton.swift */; };
		5049968C2A49FA4D00144E3A /* TimetableViewController.swift in Sources */ = {isa = PBXBuildFile; fileRef = 5049968B2A49FA4D00144E3A /* TimetableViewController.swift */; };
		5049968E2A49FA6600144E3A /* TimetableViewControllerProtocol.swift in Sources */ = {isa = PBXBuildFile; fileRef = 5049968D2A49FA6600144E3A /* TimetableViewControllerProtocol.swift */; };
		504996912A49FA8900144E3A /* TimetableAssembly.swift in Sources */ = {isa = PBXBuildFile; fileRef = 504996902A49FA8900144E3A /* TimetableAssembly.swift */; };
		504996932A49FA9B00144E3A /* TimetableAssemblyProtocol.swift in Sources */ = {isa = PBXBuildFile; fileRef = 504996922A49FA9B00144E3A /* TimetableAssemblyProtocol.swift */; };
		504996962A4C3C6100144E3A /* TimetableTableViewCell.swift in Sources */ = {isa = PBXBuildFile; fileRef = 504996952A4C3C6100144E3A /* TimetableTableViewCell.swift */; };
		504996982A4C711A00144E3A /* TimetableTableViewCellDelegate.swift in Sources */ = {isa = PBXBuildFile; fileRef = 504996972A4C711A00144E3A /* TimetableTableViewCellDelegate.swift */; };
		5049969B2A4C737D00144E3A /* WeekDay.swift in Sources */ = {isa = PBXBuildFile; fileRef = 5049969A2A4C737D00144E3A /* WeekDay.swift */; };
		5049969E2A4C743F00144E3A /* TimetablePresenter.swift in Sources */ = {isa = PBXBuildFile; fileRef = 5049969D2A4C743F00144E3A /* TimetablePresenter.swift */; };
		504996A02A4C744B00144E3A /* TimetablePresenterProtocol.swift in Sources */ = {isa = PBXBuildFile; fileRef = 5049969F2A4C744B00144E3A /* TimetablePresenterProtocol.swift */; };
		504996A32A4C88A300144E3A /* NewTrackerPresenter.swift in Sources */ = {isa = PBXBuildFile; fileRef = 504996A22A4C88A300144E3A /* NewTrackerPresenter.swift */; };
		504996A52A4C88B400144E3A /* NewTrackerPresenterProtocol.swift in Sources */ = {isa = PBXBuildFile; fileRef = 504996A42A4C88B400144E3A /* NewTrackerPresenterProtocol.swift */; };
		504996A92A4CC73600144E3A /* TimetableViewControllerDelegate.swift in Sources */ = {isa = PBXBuildFile; fileRef = 504996A82A4CC73600144E3A /* TimetableViewControllerDelegate.swift */; };
		504996AB2A4CD21800144E3A /* NewTrackerTableViewCellModel.swift in Sources */ = {isa = PBXBuildFile; fileRef = 504996AA2A4CD21800144E3A /* NewTrackerTableViewCellModel.swift */; };
		504996AD2A4EFC4500144E3A /* DIStorage.swift in Sources */ = {isa = PBXBuildFile; fileRef = 504996AC2A4EFC4500144E3A /* DIStorage.swift */; };
		504996AF2A4EFC5400144E3A /* DIStorageProtocol.swift in Sources */ = {isa = PBXBuildFile; fileRef = 504996AE2A4EFC5400144E3A /* DIStorageProtocol.swift */; };
		504996B22A4F107F00144E3A /* YPTextField.swift in Sources */ = {isa = PBXBuildFile; fileRef = 504996B12A4F107F00144E3A /* YPTextField.swift */; };
		504996B82A4F446400144E3A /* NewTrackerRouter.swift in Sources */ = {isa = PBXBuildFile; fileRef = 504996B72A4F446400144E3A /* NewTrackerRouter.swift */; };
		504996BA2A4F447600144E3A /* NewTrackerRouterProtocol.swift in Sources */ = {isa = PBXBuildFile; fileRef = 504996B92A4F447600144E3A /* NewTrackerRouterProtocol.swift */; };
		504996BC2A4F6C5F00144E3A /* NewTrackerViewControllerDelegate.swift in Sources */ = {isa = PBXBuildFile; fileRef = 504996BB2A4F6C5F00144E3A /* NewTrackerViewControllerDelegate.swift */; };
		504996C02A4FA4DD00144E3A /* TabBarController.swift in Sources */ = {isa = PBXBuildFile; fileRef = 504996BF2A4FA4DD00144E3A /* TabBarController.swift */; };
		5074D82C2A83B0E700BD9D4B /* Localizable.stringsdict in Resources */ = {isa = PBXBuildFile; fileRef = 5074D82E2A83B0E700BD9D4B /* Localizable.stringsdict */; };
		50BAB7C12A704B6C007E0D41 /* RootPageViewController.swift in Sources */ = {isa = PBXBuildFile; fileRef = 50BAB7C02A704B6C007E0D41 /* RootPageViewController.swift */; };
		50BAB7C42A7117F4007E0D41 /* RootTabBarAssembly.swift in Sources */ = {isa = PBXBuildFile; fileRef = 50BAB7C32A7117F4007E0D41 /* RootTabBarAssembly.swift */; };
		50BAB7C62A711804007E0D41 /* RootTabBarAssemblyProtocol.swift in Sources */ = {isa = PBXBuildFile; fileRef = 50BAB7C52A711804007E0D41 /* RootTabBarAssemblyProtocol.swift */; };
		50BAB7C92A712681007E0D41 /* RootPageRouter.swift in Sources */ = {isa = PBXBuildFile; fileRef = 50BAB7C82A712681007E0D41 /* RootPageRouter.swift */; };
		50BAB7CD2A7126C1007E0D41 /* RootPageRouterProtocol.swift in Sources */ = {isa = PBXBuildFile; fileRef = 50BAB7CC2A7126C1007E0D41 /* RootPageRouterProtocol.swift */; };
		50BAB7D02A7127F4007E0D41 /* RootPagePresenter.swift in Sources */ = {isa = PBXBuildFile; fileRef = 50BAB7CF2A7127F4007E0D41 /* RootPagePresenter.swift */; };
		50BAB7D22A712803007E0D41 /* RootPagePresenterProtocol.swift in Sources */ = {isa = PBXBuildFile; fileRef = 50BAB7D12A712803007E0D41 /* RootPagePresenterProtocol.swift */; };
		50BAB7D52A712DA3007E0D41 /* RootPageAssembly.swift in Sources */ = {isa = PBXBuildFile; fileRef = 50BAB7D42A712DA3007E0D41 /* RootPageAssembly.swift */; };
		50BAB7D72A712DBB007E0D41 /* RootPageAssemblyProtocol.swift in Sources */ = {isa = PBXBuildFile; fileRef = 50BAB7D62A712DBB007E0D41 /* RootPageAssemblyProtocol.swift */; };
		50BAB7DB2A715CF1007E0D41 /* OnboardingPageViewController.swift in Sources */ = {isa = PBXBuildFile; fileRef = 50BAB7DA2A715CF1007E0D41 /* OnboardingPageViewController.swift */; };
		50BAB7E02A716469007E0D41 /* OnboardingPageModel.swift in Sources */ = {isa = PBXBuildFile; fileRef = 50BAB7DF2A716469007E0D41 /* OnboardingPageModel.swift */; };
		50BD51EF2A73E33A00816C80 /* CategoriesViewController.swift in Sources */ = {isa = PBXBuildFile; fileRef = 50BD51EE2A73E33A00816C80 /* CategoriesViewController.swift */; };
		50BD51F12A73E34F00816C80 /* CategoriesViewControllerProtocol.swift in Sources */ = {isa = PBXBuildFile; fileRef = 50BD51F02A73E34F00816C80 /* CategoriesViewControllerProtocol.swift */; };
		50BD51F52A73E38B00816C80 /* CategoriesViewModel.swift in Sources */ = {isa = PBXBuildFile; fileRef = 50BD51F42A73E38B00816C80 /* CategoriesViewModel.swift */; };
		50BD51F72A73E39B00816C80 /* CategoriesViewModelProtocol.swift in Sources */ = {isa = PBXBuildFile; fileRef = 50BD51F62A73E39B00816C80 /* CategoriesViewModelProtocol.swift */; };
		50BD51F92A73E3E600816C80 /* CategoriesAssembly.swift in Sources */ = {isa = PBXBuildFile; fileRef = 50BD51F82A73E3E600816C80 /* CategoriesAssembly.swift */; };
		50BD51FB2A73E3F600816C80 /* CategoriesAssemblyProtocol.swift in Sources */ = {isa = PBXBuildFile; fileRef = 50BD51FA2A73E3F600816C80 /* CategoriesAssemblyProtocol.swift */; };
		50BD51FD2A73E41100816C80 /* CategoriesTableViewCell.swift in Sources */ = {isa = PBXBuildFile; fileRef = 50BD51FC2A73E41100816C80 /* CategoriesTableViewCell.swift */; };
		50BD52012A73E5E800816C80 /* Observable.swift in Sources */ = {isa = PBXBuildFile; fileRef = 50BD52002A73E5E800816C80 /* Observable.swift */; };
		50BD52072A7674E000816C80 /* AddNewCategoryViewController.swift in Sources */ = {isa = PBXBuildFile; fileRef = 50BD52062A7674E000816C80 /* AddNewCategoryViewController.swift */; };
		50BD520A2A77AFC200816C80 /* AddNewCategoryViewModel.swift in Sources */ = {isa = PBXBuildFile; fileRef = 50BD52092A77AFC200816C80 /* AddNewCategoryViewModel.swift */; };
		50BD520C2A77B04600816C80 /* AddNewCategoryViewModelProtocol.swift in Sources */ = {isa = PBXBuildFile; fileRef = 50BD520B2A77B04500816C80 /* AddNewCategoryViewModelProtocol.swift */; };
		50BD520E2A77B37600816C80 /* AddNewCategoryViewControllerProtocol.swift in Sources */ = {isa = PBXBuildFile; fileRef = 50BD520D2A77B37600816C80 /* AddNewCategoryViewControllerProtocol.swift */; };
		50BD52112A77C38800816C80 /* AddNewCategoryAssembly.swift in Sources */ = {isa = PBXBuildFile; fileRef = 50BD52102A77C38800816C80 /* AddNewCategoryAssembly.swift */; };
		50BD52132A77C3D500816C80 /* AddNewCategoryAssemblyProtocol.swift in Sources */ = {isa = PBXBuildFile; fileRef = 50BD52122A77C3D500816C80 /* AddNewCategoryAssemblyProtocol.swift */; };
		50BD52152A77CB2500816C80 /* CategoriesTableViewCellModel.swift in Sources */ = {isa = PBXBuildFile; fileRef = 50BD52142A77CB2500816C80 /* CategoriesTableViewCellModel.swift */; };
		50BD52172A78259800816C80 /* CategoriesViewControllerObservableOutputProtocol.swift in Sources */ = {isa = PBXBuildFile; fileRef = 50BD52162A78259800816C80 /* CategoriesViewControllerObservableOutputProtocol.swift */; };
		50BD52192A79472000816C80 /* AddNewCategoryViewControllerObservableOutputProtocol.swift in Sources */ = {isa = PBXBuildFile; fileRef = 50BD52182A79472000816C80 /* AddNewCategoryViewControllerObservableOutputProtocol.swift */; };
		50DDA4202A687BDE00ED0CF6 /* TrackerTimetable+CoreDataPersistable.swift in Sources */ = {isa = PBXBuildFile; fileRef = 50DDA41F2A687BDE00ED0CF6 /* TrackerTimetable+CoreDataPersistable.swift */; };
		50DDA4232A687D1900ED0CF6 /* TrackerTimeTableCastError.swift in Sources */ = {isa = PBXBuildFile; fileRef = 50DDA4222A687D1900ED0CF6 /* TrackerTimeTableCastError.swift */; };
		50E0641D2A655006006BE3FE /* TrackerStore.swift in Sources */ = {isa = PBXBuildFile; fileRef = 50E0641C2A655006006BE3FE /* TrackerStore.swift */; };
		50E0641F2A655015006BE3FE /* TrackerCategoryStore.swift in Sources */ = {isa = PBXBuildFile; fileRef = 50E0641E2A655015006BE3FE /* TrackerCategoryStore.swift */; };
		50E064212A65502B006BE3FE /* TrackerRecordStore.swift in Sources */ = {isa = PBXBuildFile; fileRef = 50E064202A65502B006BE3FE /* TrackerRecordStore.swift */; };
		50E064242A65515E006BE3FE /* Tracker.xcdatamodeld in Sources */ = {isa = PBXBuildFile; fileRef = 50E064222A65515E006BE3FE /* Tracker.xcdatamodeld */; };
		50E064282A656FA2006BE3FE /* TrackerStoreDelegate.swift in Sources */ = {isa = PBXBuildFile; fileRef = 50E064272A656FA2006BE3FE /* TrackerStoreDelegate.swift */; };
		50E0642A2A657137006BE3FE /* TrackerCastError.swift in Sources */ = {isa = PBXBuildFile; fileRef = 50E064292A657137006BE3FE /* TrackerCastError.swift */; };
		50E0642F2A6578A0006BE3FE /* TrackerStoreProtocol.swift in Sources */ = {isa = PBXBuildFile; fileRef = 50E0642E2A6578A0006BE3FE /* TrackerStoreProtocol.swift */; };
		50E064312A658755006BE3FE /* TrackerCategoryStoreDelegate.swift in Sources */ = {isa = PBXBuildFile; fileRef = 50E064302A658755006BE3FE /* TrackerCategoryStoreDelegate.swift */; };
		50E064332A6587E8006BE3FE /* TrackerCategoryStoreProtocol.swift in Sources */ = {isa = PBXBuildFile; fileRef = 50E064322A6587E8006BE3FE /* TrackerCategoryStoreProtocol.swift */; };
		50E064352A6588CC006BE3FE /* TrackerCategoryStoreError.swift in Sources */ = {isa = PBXBuildFile; fileRef = 50E064342A6588CC006BE3FE /* TrackerCategoryStoreError.swift */; };
		50E064372A659DA2006BE3FE /* TrackerRecordStoreDelegate.swift in Sources */ = {isa = PBXBuildFile; fileRef = 50E064362A659DA2006BE3FE /* TrackerRecordStoreDelegate.swift */; };
		50E064392A659E46006BE3FE /* TrackerRecordStoreError.swift in Sources */ = {isa = PBXBuildFile; fileRef = 50E064382A659E46006BE3FE /* TrackerRecordStoreError.swift */; };
		50E0643B2A669D85006BE3FE /* TrackerRecordStoreProtocol.swift in Sources */ = {isa = PBXBuildFile; fileRef = 50E0643A2A669D85006BE3FE /* TrackerRecordStoreProtocol.swift */; };
		50E064432A66F031006BE3FE /* TrackerTimetable.swift in Sources */ = {isa = PBXBuildFile; fileRef = 50E064422A66F031006BE3FE /* TrackerTimetable.swift */; };
		50E064452A66F056006BE3FE /* CoreDataPersistable.swift in Sources */ = {isa = PBXBuildFile; fileRef = 50E064442A66F056006BE3FE /* CoreDataPersistable.swift */; };
		50E0644A2A66F116006BE3FE /* Tracker+CoreDataPersistable.swift in Sources */ = {isa = PBXBuildFile; fileRef = 50E064492A66F116006BE3FE /* Tracker+CoreDataPersistable.swift */; };
		50E0644C2A66F2FB006BE3FE /* TrackerCategory+CoreDataPersistable.swift in Sources */ = {isa = PBXBuildFile; fileRef = 50E0644B2A66F2FB006BE3FE /* TrackerCategory+CoreDataPersistable.swift */; };
		50E0644F2A670DA4006BE3FE /* TrackerRecord+CoreDataPersistable.swift in Sources */ = {isa = PBXBuildFile; fileRef = 50E0644E2A670DA4006BE3FE /* TrackerRecord+CoreDataPersistable.swift */; };
		50E988482A55747B00E4B375 /* NewTrackerCollectionViewHeader.swift in Sources */ = {isa = PBXBuildFile; fileRef = 50E988472A55747A00E4B375 /* NewTrackerCollectionViewHeader.swift */; };
		50E9884A2A55765500E4B375 /* NewTrackerCollectionViewHeaderModel.swift in Sources */ = {isa = PBXBuildFile; fileRef = 50E988492A55765500E4B375 /* NewTrackerCollectionViewHeaderModel.swift */; };
		50E9884C2A55776800E4B375 /* NewTrackerEmojiCollectionViewCell.swift in Sources */ = {isa = PBXBuildFile; fileRef = 50E9884B2A55776800E4B375 /* NewTrackerEmojiCollectionViewCell.swift */; };
		50E9884E2A55778800E4B375 /* NewTrackerEmojiCollectionViewCellModel.swift in Sources */ = {isa = PBXBuildFile; fileRef = 50E9884D2A55778800E4B375 /* NewTrackerEmojiCollectionViewCellModel.swift */; };
		50E988552A55C83B00E4B375 /* DataSourceProvider.swift in Sources */ = {isa = PBXBuildFile; fileRef = 50E988542A55C83B00E4B375 /* DataSourceProvider.swift */; };
		50E988572A55CB3F00E4B375 /* DataSourceProviderProtocol.swift in Sources */ = {isa = PBXBuildFile; fileRef = 50E988562A55CB3F00E4B375 /* DataSourceProviderProtocol.swift */; };
		50E988592A55CCBB00E4B375 /* NewTrackerColorCollectionViewCell.swift in Sources */ = {isa = PBXBuildFile; fileRef = 50E988582A55CCBB00E4B375 /* NewTrackerColorCollectionViewCell.swift */; };
		50E9885B2A55CCD000E4B375 /* NewTrackerColorCollectionViewCellModel.swift in Sources */ = {isa = PBXBuildFile; fileRef = 50E9885A2A55CCD000E4B375 /* NewTrackerColorCollectionViewCellModel.swift */; };
/* End PBXBuildFile section */

/* Begin PBXFileReference section */
		500A7A682A41CA6700070C40 /* UIColor+Extensions.swift */ = {isa = PBXFileReference; lastKnownFileType = sourcecode.swift; path = "UIColor+Extensions.swift"; sourceTree = "<group>"; };
		5017451D2A5463AE007A1400 /* TrackersPlaceholderViewModel.swift */ = {isa = PBXFileReference; lastKnownFileType = sourcecode.swift; path = TrackersPlaceholderViewModel.swift; sourceTree = "<group>"; };
		501A4DF62A5082470071A559 /* GeometricParams.swift */ = {isa = PBXFileReference; lastKnownFileType = sourcecode.swift; path = GeometricParams.swift; sourceTree = "<group>"; };
		501A4DFB2A52FB9C0071A559 /* UITableViewCell+Extensions.swift */ = {isa = PBXFileReference; lastKnownFileType = sourcecode.swift; path = "UITableViewCell+Extensions.swift"; sourceTree = "<group>"; };
		502347E42A41D2EE00D41D79 /* TrackersViewController.swift */ = {isa = PBXFileReference; lastKnownFileType = sourcecode.swift; path = TrackersViewController.swift; sourceTree = "<group>"; };
		502347E82A41D5D500D41D79 /* StatisticsViewController.swift */ = {isa = PBXFileReference; lastKnownFileType = sourcecode.swift; path = StatisticsViewController.swift; sourceTree = "<group>"; };
		502347F22A41F66B00D41D79 /* CGFloat+Extensions.swift */ = {isa = PBXFileReference; lastKnownFileType = sourcecode.swift; path = "CGFloat+Extensions.swift"; sourceTree = "<group>"; };
		502347F52A41FD6800D41D79 /* ru */ = {isa = PBXFileReference; lastKnownFileType = file.storyboard; name = ru; path = ru.lproj/LaunchScreen.storyboard; sourceTree = "<group>"; };
		502347F72A422E6200D41D79 /* TrackersCollectionViewCell.swift */ = {isa = PBXFileReference; lastKnownFileType = sourcecode.swift; path = TrackersCollectionViewCell.swift; sourceTree = "<group>"; };
		502347FA2A422EC600D41D79 /* TrackersHeader.swift */ = {isa = PBXFileReference; lastKnownFileType = sourcecode.swift; path = TrackersHeader.swift; sourceTree = "<group>"; };
		502347FC2A4234C000D41D79 /* TrackersPlaceholderView.swift */ = {isa = PBXFileReference; lastKnownFileType = sourcecode.swift; path = TrackersPlaceholderView.swift; sourceTree = "<group>"; };
		502347FE2A423A0800D41D79 /* Tracker.swift */ = {isa = PBXFileReference; lastKnownFileType = sourcecode.swift; path = Tracker.swift; sourceTree = "<group>"; };
		502348002A423A1F00D41D79 /* TrackerCategory.swift */ = {isa = PBXFileReference; lastKnownFileType = sourcecode.swift; path = TrackerCategory.swift; sourceTree = "<group>"; };
		502348022A423A3800D41D79 /* TrackerRecord.swift */ = {isa = PBXFileReference; lastKnownFileType = sourcecode.swift; path = TrackerRecord.swift; sourceTree = "<group>"; };
		50330A302A3B92BE0073FB6D /* Tracker.app */ = {isa = PBXFileReference; explicitFileType = wrapper.application; includeInIndex = 0; path = Tracker.app; sourceTree = BUILT_PRODUCTS_DIR; };
		50330A332A3B92BE0073FB6D /* AppDelegate.swift */ = {isa = PBXFileReference; lastKnownFileType = sourcecode.swift; path = AppDelegate.swift; sourceTree = "<group>"; };
		50330A352A3B92BE0073FB6D /* SceneDelegate.swift */ = {isa = PBXFileReference; lastKnownFileType = sourcecode.swift; path = SceneDelegate.swift; sourceTree = "<group>"; };
		50330A3C2A3B92BF0073FB6D /* Assets.xcassets */ = {isa = PBXFileReference; lastKnownFileType = folder.assetcatalog; path = Assets.xcassets; sourceTree = "<group>"; };
		50330A412A3B92BF0073FB6D /* Info.plist */ = {isa = PBXFileReference; lastKnownFileType = text.plist.xml; path = Info.plist; sourceTree = "<group>"; };
		504996592A45C0B200144E3A /* TrackersPresenter.swift */ = {isa = PBXFileReference; lastKnownFileType = sourcecode.swift; path = TrackersPresenter.swift; sourceTree = "<group>"; };
		5049965B2A45C0F400144E3A /* TrackersViewControllerProtocol.swift */ = {isa = PBXFileReference; lastKnownFileType = sourcecode.swift; path = TrackersViewControllerProtocol.swift; sourceTree = "<group>"; };
		5049965D2A45C12F00144E3A /* TrackersPresenterProtocol.swift */ = {isa = PBXFileReference; lastKnownFileType = sourcecode.swift; path = TrackersPresenterProtocol.swift; sourceTree = "<group>"; };
		504996602A45C88200144E3A /* ConfigurableViewProtocol.swift */ = {isa = PBXFileReference; lastKnownFileType = sourcecode.swift; path = ConfigurableViewProtocol.swift; sourceTree = "<group>"; };
		504996622A45D4B900144E3A /* TrackersCollectionViewCellDelegate.swift */ = {isa = PBXFileReference; lastKnownFileType = sourcecode.swift; path = TrackersCollectionViewCellDelegate.swift; sourceTree = "<group>"; };
		504996652A45E83E00144E3A /* TrackersAssembly.swift */ = {isa = PBXFileReference; lastKnownFileType = sourcecode.swift; path = TrackersAssembly.swift; sourceTree = "<group>"; };
		504996672A45E85D00144E3A /* TrackersAssemblyProtocol.swift */ = {isa = PBXFileReference; lastKnownFileType = sourcecode.swift; path = TrackersAssemblyProtocol.swift; sourceTree = "<group>"; };
		504996692A45EDEB00144E3A /* TrackersCreateViewController.swift */ = {isa = PBXFileReference; lastKnownFileType = sourcecode.swift; path = TrackersCreateViewController.swift; sourceTree = "<group>"; };
		5049966E2A46FEF000144E3A /* TrackersCreateAssembly.swift */ = {isa = PBXFileReference; lastKnownFileType = sourcecode.swift; path = TrackersCreateAssembly.swift; sourceTree = "<group>"; };
		504996702A46FF0B00144E3A /* TrackersCreateAssemblyProtocol.swift */ = {isa = PBXFileReference; lastKnownFileType = sourcecode.swift; path = TrackersCreateAssemblyProtocol.swift; sourceTree = "<group>"; };
		504996732A470CE500144E3A /* YPPrimaryButton.swift */ = {isa = PBXFileReference; lastKnownFileType = sourcecode.swift; path = YPPrimaryButton.swift; sourceTree = "<group>"; };
		5049967A2A47116300144E3A /* NewTrackerViewController.swift */ = {isa = PBXFileReference; lastKnownFileType = sourcecode.swift; path = NewTrackerViewController.swift; sourceTree = "<group>"; };
		5049967C2A47117800144E3A /* NewTrackerViewControllerProtocol.swift */ = {isa = PBXFileReference; lastKnownFileType = sourcecode.swift; path = NewTrackerViewControllerProtocol.swift; sourceTree = "<group>"; };
		5049967E2A47118500144E3A /* NewTrackerAssembly.swift */ = {isa = PBXFileReference; lastKnownFileType = sourcecode.swift; path = NewTrackerAssembly.swift; sourceTree = "<group>"; };
		504996802A47119400144E3A /* NewTrackerAssemblyProtocol.swift */ = {isa = PBXFileReference; lastKnownFileType = sourcecode.swift; path = NewTrackerAssemblyProtocol.swift; sourceTree = "<group>"; };
		504996852A49B56600144E3A /* NewTrackerTableViewCell.swift */ = {isa = PBXFileReference; lastKnownFileType = sourcecode.swift; path = NewTrackerTableViewCell.swift; sourceTree = "<group>"; };
		504996872A49EAF800144E3A /* YPSecondaryButton.swift */ = {isa = PBXFileReference; lastKnownFileType = sourcecode.swift; path = YPSecondaryButton.swift; sourceTree = "<group>"; };
		5049968B2A49FA4D00144E3A /* TimetableViewController.swift */ = {isa = PBXFileReference; lastKnownFileType = sourcecode.swift; path = TimetableViewController.swift; sourceTree = "<group>"; };
		5049968D2A49FA6600144E3A /* TimetableViewControllerProtocol.swift */ = {isa = PBXFileReference; lastKnownFileType = sourcecode.swift; path = TimetableViewControllerProtocol.swift; sourceTree = "<group>"; };
		504996902A49FA8900144E3A /* TimetableAssembly.swift */ = {isa = PBXFileReference; lastKnownFileType = sourcecode.swift; path = TimetableAssembly.swift; sourceTree = "<group>"; };
		504996922A49FA9B00144E3A /* TimetableAssemblyProtocol.swift */ = {isa = PBXFileReference; lastKnownFileType = sourcecode.swift; path = TimetableAssemblyProtocol.swift; sourceTree = "<group>"; };
		504996952A4C3C6100144E3A /* TimetableTableViewCell.swift */ = {isa = PBXFileReference; lastKnownFileType = sourcecode.swift; path = TimetableTableViewCell.swift; sourceTree = "<group>"; };
		504996972A4C711A00144E3A /* TimetableTableViewCellDelegate.swift */ = {isa = PBXFileReference; lastKnownFileType = sourcecode.swift; path = TimetableTableViewCellDelegate.swift; sourceTree = "<group>"; };
		5049969A2A4C737D00144E3A /* WeekDay.swift */ = {isa = PBXFileReference; lastKnownFileType = sourcecode.swift; path = WeekDay.swift; sourceTree = "<group>"; };
		5049969D2A4C743F00144E3A /* TimetablePresenter.swift */ = {isa = PBXFileReference; lastKnownFileType = sourcecode.swift; path = TimetablePresenter.swift; sourceTree = "<group>"; };
		5049969F2A4C744B00144E3A /* TimetablePresenterProtocol.swift */ = {isa = PBXFileReference; lastKnownFileType = sourcecode.swift; path = TimetablePresenterProtocol.swift; sourceTree = "<group>"; };
		504996A22A4C88A300144E3A /* NewTrackerPresenter.swift */ = {isa = PBXFileReference; lastKnownFileType = sourcecode.swift; path = NewTrackerPresenter.swift; sourceTree = "<group>"; };
		504996A42A4C88B400144E3A /* NewTrackerPresenterProtocol.swift */ = {isa = PBXFileReference; lastKnownFileType = sourcecode.swift; path = NewTrackerPresenterProtocol.swift; sourceTree = "<group>"; };
		504996A82A4CC73600144E3A /* TimetableViewControllerDelegate.swift */ = {isa = PBXFileReference; lastKnownFileType = sourcecode.swift; path = TimetableViewControllerDelegate.swift; sourceTree = "<group>"; };
		504996AA2A4CD21800144E3A /* NewTrackerTableViewCellModel.swift */ = {isa = PBXFileReference; lastKnownFileType = sourcecode.swift; path = NewTrackerTableViewCellModel.swift; sourceTree = "<group>"; };
		504996AC2A4EFC4500144E3A /* DIStorage.swift */ = {isa = PBXFileReference; lastKnownFileType = sourcecode.swift; path = DIStorage.swift; sourceTree = "<group>"; };
		504996AE2A4EFC5400144E3A /* DIStorageProtocol.swift */ = {isa = PBXFileReference; lastKnownFileType = sourcecode.swift; path = DIStorageProtocol.swift; sourceTree = "<group>"; };
		504996B12A4F107F00144E3A /* YPTextField.swift */ = {isa = PBXFileReference; lastKnownFileType = sourcecode.swift; path = YPTextField.swift; sourceTree = "<group>"; };
		504996B72A4F446400144E3A /* NewTrackerRouter.swift */ = {isa = PBXFileReference; lastKnownFileType = sourcecode.swift; path = NewTrackerRouter.swift; sourceTree = "<group>"; };
		504996B92A4F447600144E3A /* NewTrackerRouterProtocol.swift */ = {isa = PBXFileReference; lastKnownFileType = sourcecode.swift; path = NewTrackerRouterProtocol.swift; sourceTree = "<group>"; };
		504996BB2A4F6C5F00144E3A /* NewTrackerViewControllerDelegate.swift */ = {isa = PBXFileReference; lastKnownFileType = sourcecode.swift; path = NewTrackerViewControllerDelegate.swift; sourceTree = "<group>"; };
		504996BF2A4FA4DD00144E3A /* TabBarController.swift */ = {isa = PBXFileReference; lastKnownFileType = sourcecode.swift; path = TabBarController.swift; sourceTree = "<group>"; };
		5074D82D2A83B0E700BD9D4B /* en */ = {isa = PBXFileReference; lastKnownFileType = text.plist.stringsdict; name = en; path = en.lproj/Localizable.stringsdict; sourceTree = "<group>"; };
		5074D82F2A83B0EB00BD9D4B /* ru */ = {isa = PBXFileReference; lastKnownFileType = text.plist.stringsdict; name = ru; path = ru.lproj/Localizable.stringsdict; sourceTree = "<group>"; };
		50BAB7C02A704B6C007E0D41 /* RootPageViewController.swift */ = {isa = PBXFileReference; lastKnownFileType = sourcecode.swift; path = RootPageViewController.swift; sourceTree = "<group>"; };
		50BAB7C32A7117F4007E0D41 /* RootTabBarAssembly.swift */ = {isa = PBXFileReference; lastKnownFileType = sourcecode.swift; path = RootTabBarAssembly.swift; sourceTree = "<group>"; };
		50BAB7C52A711804007E0D41 /* RootTabBarAssemblyProtocol.swift */ = {isa = PBXFileReference; lastKnownFileType = sourcecode.swift; path = RootTabBarAssemblyProtocol.swift; sourceTree = "<group>"; };
		50BAB7C82A712681007E0D41 /* RootPageRouter.swift */ = {isa = PBXFileReference; lastKnownFileType = sourcecode.swift; path = RootPageRouter.swift; sourceTree = "<group>"; };
		50BAB7CC2A7126C1007E0D41 /* RootPageRouterProtocol.swift */ = {isa = PBXFileReference; lastKnownFileType = sourcecode.swift; path = RootPageRouterProtocol.swift; sourceTree = "<group>"; };
		50BAB7CF2A7127F4007E0D41 /* RootPagePresenter.swift */ = {isa = PBXFileReference; lastKnownFileType = sourcecode.swift; path = RootPagePresenter.swift; sourceTree = "<group>"; };
		50BAB7D12A712803007E0D41 /* RootPagePresenterProtocol.swift */ = {isa = PBXFileReference; lastKnownFileType = sourcecode.swift; path = RootPagePresenterProtocol.swift; sourceTree = "<group>"; };
		50BAB7D42A712DA3007E0D41 /* RootPageAssembly.swift */ = {isa = PBXFileReference; lastKnownFileType = sourcecode.swift; path = RootPageAssembly.swift; sourceTree = "<group>"; };
		50BAB7D62A712DBB007E0D41 /* RootPageAssemblyProtocol.swift */ = {isa = PBXFileReference; lastKnownFileType = sourcecode.swift; path = RootPageAssemblyProtocol.swift; sourceTree = "<group>"; };
		50BAB7DA2A715CF1007E0D41 /* OnboardingPageViewController.swift */ = {isa = PBXFileReference; lastKnownFileType = sourcecode.swift; path = OnboardingPageViewController.swift; sourceTree = "<group>"; };
		50BAB7DF2A716469007E0D41 /* OnboardingPageModel.swift */ = {isa = PBXFileReference; lastKnownFileType = sourcecode.swift; path = OnboardingPageModel.swift; sourceTree = "<group>"; };
		50BD51EE2A73E33A00816C80 /* CategoriesViewController.swift */ = {isa = PBXFileReference; lastKnownFileType = sourcecode.swift; path = CategoriesViewController.swift; sourceTree = "<group>"; };
		50BD51F02A73E34F00816C80 /* CategoriesViewControllerProtocol.swift */ = {isa = PBXFileReference; lastKnownFileType = sourcecode.swift; path = CategoriesViewControllerProtocol.swift; sourceTree = "<group>"; };
		50BD51F42A73E38B00816C80 /* CategoriesViewModel.swift */ = {isa = PBXFileReference; lastKnownFileType = sourcecode.swift; path = CategoriesViewModel.swift; sourceTree = "<group>"; };
		50BD51F62A73E39B00816C80 /* CategoriesViewModelProtocol.swift */ = {isa = PBXFileReference; lastKnownFileType = sourcecode.swift; path = CategoriesViewModelProtocol.swift; sourceTree = "<group>"; };
		50BD51F82A73E3E600816C80 /* CategoriesAssembly.swift */ = {isa = PBXFileReference; lastKnownFileType = sourcecode.swift; path = CategoriesAssembly.swift; sourceTree = "<group>"; };
		50BD51FA2A73E3F600816C80 /* CategoriesAssemblyProtocol.swift */ = {isa = PBXFileReference; lastKnownFileType = sourcecode.swift; path = CategoriesAssemblyProtocol.swift; sourceTree = "<group>"; };
		50BD51FC2A73E41100816C80 /* CategoriesTableViewCell.swift */ = {isa = PBXFileReference; lastKnownFileType = sourcecode.swift; path = CategoriesTableViewCell.swift; sourceTree = "<group>"; };
		50BD52002A73E5E800816C80 /* Observable.swift */ = {isa = PBXFileReference; lastKnownFileType = sourcecode.swift; path = Observable.swift; sourceTree = "<group>"; };
		50BD52062A7674E000816C80 /* AddNewCategoryViewController.swift */ = {isa = PBXFileReference; lastKnownFileType = sourcecode.swift; path = AddNewCategoryViewController.swift; sourceTree = "<group>"; };
		50BD52092A77AFC200816C80 /* AddNewCategoryViewModel.swift */ = {isa = PBXFileReference; lastKnownFileType = sourcecode.swift; path = AddNewCategoryViewModel.swift; sourceTree = "<group>"; };
		50BD520B2A77B04500816C80 /* AddNewCategoryViewModelProtocol.swift */ = {isa = PBXFileReference; lastKnownFileType = sourcecode.swift; path = AddNewCategoryViewModelProtocol.swift; sourceTree = "<group>"; };
		50BD520D2A77B37600816C80 /* AddNewCategoryViewControllerProtocol.swift */ = {isa = PBXFileReference; lastKnownFileType = sourcecode.swift; path = AddNewCategoryViewControllerProtocol.swift; sourceTree = "<group>"; };
		50BD52102A77C38800816C80 /* AddNewCategoryAssembly.swift */ = {isa = PBXFileReference; lastKnownFileType = sourcecode.swift; path = AddNewCategoryAssembly.swift; sourceTree = "<group>"; };
		50BD52122A77C3D500816C80 /* AddNewCategoryAssemblyProtocol.swift */ = {isa = PBXFileReference; lastKnownFileType = sourcecode.swift; path = AddNewCategoryAssemblyProtocol.swift; sourceTree = "<group>"; };
		50BD52142A77CB2500816C80 /* CategoriesTableViewCellModel.swift */ = {isa = PBXFileReference; lastKnownFileType = sourcecode.swift; path = CategoriesTableViewCellModel.swift; sourceTree = "<group>"; };
		50BD52162A78259800816C80 /* CategoriesViewControllerObservableOutputProtocol.swift */ = {isa = PBXFileReference; lastKnownFileType = sourcecode.swift; path = CategoriesViewControllerObservableOutputProtocol.swift; sourceTree = "<group>"; };
		50BD52182A79472000816C80 /* AddNewCategoryViewControllerObservableOutputProtocol.swift */ = {isa = PBXFileReference; lastKnownFileType = sourcecode.swift; path = AddNewCategoryViewControllerObservableOutputProtocol.swift; sourceTree = "<group>"; };
		50DDA41F2A687BDE00ED0CF6 /* TrackerTimetable+CoreDataPersistable.swift */ = {isa = PBXFileReference; lastKnownFileType = sourcecode.swift; path = "TrackerTimetable+CoreDataPersistable.swift"; sourceTree = "<group>"; };
		50DDA4222A687D1900ED0CF6 /* TrackerTimeTableCastError.swift */ = {isa = PBXFileReference; lastKnownFileType = sourcecode.swift; path = TrackerTimeTableCastError.swift; sourceTree = "<group>"; };
		50E0641C2A655006006BE3FE /* TrackerStore.swift */ = {isa = PBXFileReference; lastKnownFileType = sourcecode.swift; path = TrackerStore.swift; sourceTree = "<group>"; };
		50E0641E2A655015006BE3FE /* TrackerCategoryStore.swift */ = {isa = PBXFileReference; lastKnownFileType = sourcecode.swift; path = TrackerCategoryStore.swift; sourceTree = "<group>"; };
		50E064202A65502B006BE3FE /* TrackerRecordStore.swift */ = {isa = PBXFileReference; lastKnownFileType = sourcecode.swift; path = TrackerRecordStore.swift; sourceTree = "<group>"; };
		50E064232A65515E006BE3FE /* Tracker.xcdatamodel */ = {isa = PBXFileReference; lastKnownFileType = wrapper.xcdatamodel; path = Tracker.xcdatamodel; sourceTree = "<group>"; };
		50E064272A656FA2006BE3FE /* TrackerStoreDelegate.swift */ = {isa = PBXFileReference; lastKnownFileType = sourcecode.swift; path = TrackerStoreDelegate.swift; sourceTree = "<group>"; };
		50E064292A657137006BE3FE /* TrackerCastError.swift */ = {isa = PBXFileReference; lastKnownFileType = sourcecode.swift; path = TrackerCastError.swift; sourceTree = "<group>"; };
		50E0642E2A6578A0006BE3FE /* TrackerStoreProtocol.swift */ = {isa = PBXFileReference; lastKnownFileType = sourcecode.swift; path = TrackerStoreProtocol.swift; sourceTree = "<group>"; };
		50E064302A658755006BE3FE /* TrackerCategoryStoreDelegate.swift */ = {isa = PBXFileReference; lastKnownFileType = sourcecode.swift; path = TrackerCategoryStoreDelegate.swift; sourceTree = "<group>"; };
		50E064322A6587E8006BE3FE /* TrackerCategoryStoreProtocol.swift */ = {isa = PBXFileReference; lastKnownFileType = sourcecode.swift; path = TrackerCategoryStoreProtocol.swift; sourceTree = "<group>"; };
		50E064342A6588CC006BE3FE /* TrackerCategoryStoreError.swift */ = {isa = PBXFileReference; lastKnownFileType = sourcecode.swift; path = TrackerCategoryStoreError.swift; sourceTree = "<group>"; };
		50E064362A659DA2006BE3FE /* TrackerRecordStoreDelegate.swift */ = {isa = PBXFileReference; lastKnownFileType = sourcecode.swift; path = TrackerRecordStoreDelegate.swift; sourceTree = "<group>"; };
		50E064382A659E46006BE3FE /* TrackerRecordStoreError.swift */ = {isa = PBXFileReference; lastKnownFileType = sourcecode.swift; path = TrackerRecordStoreError.swift; sourceTree = "<group>"; };
		50E0643A2A669D85006BE3FE /* TrackerRecordStoreProtocol.swift */ = {isa = PBXFileReference; lastKnownFileType = sourcecode.swift; path = TrackerRecordStoreProtocol.swift; sourceTree = "<group>"; };
		50E064422A66F031006BE3FE /* TrackerTimetable.swift */ = {isa = PBXFileReference; lastKnownFileType = sourcecode.swift; path = TrackerTimetable.swift; sourceTree = "<group>"; };
		50E064442A66F056006BE3FE /* CoreDataPersistable.swift */ = {isa = PBXFileReference; lastKnownFileType = sourcecode.swift; path = CoreDataPersistable.swift; sourceTree = "<group>"; };
		50E064492A66F116006BE3FE /* Tracker+CoreDataPersistable.swift */ = {isa = PBXFileReference; lastKnownFileType = sourcecode.swift; path = "Tracker+CoreDataPersistable.swift"; sourceTree = "<group>"; };
		50E0644B2A66F2FB006BE3FE /* TrackerCategory+CoreDataPersistable.swift */ = {isa = PBXFileReference; lastKnownFileType = sourcecode.swift; path = "TrackerCategory+CoreDataPersistable.swift"; sourceTree = "<group>"; };
		50E0644E2A670DA4006BE3FE /* TrackerRecord+CoreDataPersistable.swift */ = {isa = PBXFileReference; lastKnownFileType = sourcecode.swift; path = "TrackerRecord+CoreDataPersistable.swift"; sourceTree = "<group>"; };
		50E988472A55747A00E4B375 /* NewTrackerCollectionViewHeader.swift */ = {isa = PBXFileReference; lastKnownFileType = sourcecode.swift; path = NewTrackerCollectionViewHeader.swift; sourceTree = "<group>"; };
		50E988492A55765500E4B375 /* NewTrackerCollectionViewHeaderModel.swift */ = {isa = PBXFileReference; lastKnownFileType = sourcecode.swift; path = NewTrackerCollectionViewHeaderModel.swift; sourceTree = "<group>"; };
		50E9884B2A55776800E4B375 /* NewTrackerEmojiCollectionViewCell.swift */ = {isa = PBXFileReference; lastKnownFileType = sourcecode.swift; path = NewTrackerEmojiCollectionViewCell.swift; sourceTree = "<group>"; };
		50E9884D2A55778800E4B375 /* NewTrackerEmojiCollectionViewCellModel.swift */ = {isa = PBXFileReference; lastKnownFileType = sourcecode.swift; path = NewTrackerEmojiCollectionViewCellModel.swift; sourceTree = "<group>"; };
		50E988542A55C83B00E4B375 /* DataSourceProvider.swift */ = {isa = PBXFileReference; lastKnownFileType = sourcecode.swift; path = DataSourceProvider.swift; sourceTree = "<group>"; };
		50E988562A55CB3F00E4B375 /* DataSourceProviderProtocol.swift */ = {isa = PBXFileReference; lastKnownFileType = sourcecode.swift; path = DataSourceProviderProtocol.swift; sourceTree = "<group>"; };
		50E988582A55CCBB00E4B375 /* NewTrackerColorCollectionViewCell.swift */ = {isa = PBXFileReference; lastKnownFileType = sourcecode.swift; path = NewTrackerColorCollectionViewCell.swift; sourceTree = "<group>"; };
		50E9885A2A55CCD000E4B375 /* NewTrackerColorCollectionViewCellModel.swift */ = {isa = PBXFileReference; lastKnownFileType = sourcecode.swift; path = NewTrackerColorCollectionViewCellModel.swift; sourceTree = "<group>"; };
/* End PBXFileReference section */

/* Begin PBXFrameworksBuildPhase section */
		50330A2D2A3B92BE0073FB6D /* Frameworks */ = {
			isa = PBXFrameworksBuildPhase;
			buildActionMask = 2147483647;
			files = (
			);
			runOnlyForDeploymentPostprocessing = 0;
		};
/* End PBXFrameworksBuildPhase section */

/* Begin PBXGroup section */
		500A7A662A41CA3F00070C40 /* Resources */ = {
			isa = PBXGroup;
			children = (
				5074D82E2A83B0E700BD9D4B /* Localizable.stringsdict */,
				50330A3C2A3B92BF0073FB6D /* Assets.xcassets */,
				50330A3E2A3B92BF0073FB6D /* LaunchScreen.storyboard */,
				50E064222A65515E006BE3FE /* Tracker.xcdatamodeld */,
			);
			path = Resources;
			sourceTree = "<group>";
		};
		500A7A672A41CA4700070C40 /* Helpers */ = {
			isa = PBXGroup;
			children = (
				500A7A682A41CA6700070C40 /* UIColor+Extensions.swift */,
				502347F22A41F66B00D41D79 /* CGFloat+Extensions.swift */,
				501A4DF62A5082470071A559 /* GeometricParams.swift */,
			);
			path = Helpers;
			sourceTree = "<group>";
		};
		500A7A6A2A41CB6400070C40 /* App */ = {
			isa = PBXGroup;
			children = (
				50330A332A3B92BE0073FB6D /* AppDelegate.swift */,
				504996AC2A4EFC4500144E3A /* DIStorage.swift */,
				504996AE2A4EFC5400144E3A /* DIStorageProtocol.swift */,
				50330A352A3B92BE0073FB6D /* SceneDelegate.swift */,
			);
			path = App;
			sourceTree = "<group>";
		};
		500A7A6B2A41CBAB00070C40 /* PresentationLayer */ = {
			isa = PBXGroup;
			children = (
				501A4DF82A52FB7F0071A559 /* Shared */,
				50BAB7BE2A704B2D007E0D41 /* RootPageViewController */,
				504996BD2A4FA4BC00144E3A /* RootTabBar */,
				504996892A49F9C100144E3A /* Timetable */,
				50BD52042A7674B400816C80 /* AddNewCategory */,
				50BD51E82A73E2B300816C80 /* Categories */,
				504996752A47112E00144E3A /* NewTracker */,
				5049966B2A46FEA300144E3A /* TrackersCreate */,
				5049965F2A45C86000144E3A /* Protocols */,
				502347E62A41D59E00D41D79 /* Statistics */,
				502347E22A41D2C800D41D79 /* Trackers */,
			);
			path = PresentationLayer;
			sourceTree = "<group>";
		};
		500A7A6C2A41CBB800070C40 /* ServiceLayer */ = {
			isa = PBXGroup;
			children = (
				50E064462A66F0C2006BE3FE /* Models */,
			);
			path = ServiceLayer;
			sourceTree = "<group>";
		};
		500A7A6D2A41CBC200070C40 /* CoreLayer */ = {
			isa = PBXGroup;
			children = (
				50E0641B2A654FE3006BE3FE /* CoreData */,
			);
			path = CoreLayer;
			sourceTree = "<group>";
		};
		501A4DF82A52FB7F0071A559 /* Shared */ = {
			isa = PBXGroup;
			children = (
				504996722A470CD100144E3A /* View */,
				501A4DF92A52FB820071A559 /* Extensions */,
			);
			path = Shared;
			sourceTree = "<group>";
		};
		501A4DF92A52FB820071A559 /* Extensions */ = {
			isa = PBXGroup;
			children = (
				501A4DFB2A52FB9C0071A559 /* UITableViewCell+Extensions.swift */,
			);
			path = Extensions;
			sourceTree = "<group>";
		};
		502347E22A41D2C800D41D79 /* Trackers */ = {
			isa = PBXGroup;
			children = (
				504996642A45E82500144E3A /* Assembly */,
				502347E32A41D2D700D41D79 /* Controller */,
				504996582A45C08E00144E3A /* Presenter */,
				502347F62A422E4100D41D79 /* View */,
			);
			path = Trackers;
			sourceTree = "<group>";
		};
		502347E32A41D2D700D41D79 /* Controller */ = {
			isa = PBXGroup;
			children = (
				502347E42A41D2EE00D41D79 /* TrackersViewController.swift */,
				5049965B2A45C0F400144E3A /* TrackersViewControllerProtocol.swift */,
			);
			path = Controller;
			sourceTree = "<group>";
		};
		502347E62A41D59E00D41D79 /* Statistics */ = {
			isa = PBXGroup;
			children = (
				502347E72A41D5C200D41D79 /* Controller */,
			);
			path = Statistics;
			sourceTree = "<group>";
		};
		502347E72A41D5C200D41D79 /* Controller */ = {
			isa = PBXGroup;
			children = (
				502347E82A41D5D500D41D79 /* StatisticsViewController.swift */,
			);
			path = Controller;
			sourceTree = "<group>";
		};
		502347F62A422E4100D41D79 /* View */ = {
			isa = PBXGroup;
			children = (
				502347F72A422E6200D41D79 /* TrackersCollectionViewCell.swift */,
				504996622A45D4B900144E3A /* TrackersCollectionViewCellDelegate.swift */,
				502347FA2A422EC600D41D79 /* TrackersHeader.swift */,
				502347FC2A4234C000D41D79 /* TrackersPlaceholderView.swift */,
				5017451D2A5463AE007A1400 /* TrackersPlaceholderViewModel.swift */,
			);
			path = View;
			sourceTree = "<group>";
		};
		502347F92A422EA400D41D79 /* Tracker */ = {
			isa = PBXGroup;
			children = (
				502347FE2A423A0800D41D79 /* Tracker.swift */,
				50E064492A66F116006BE3FE /* Tracker+CoreDataPersistable.swift */,
				50E064292A657137006BE3FE /* TrackerCastError.swift */,
			);
			path = Tracker;
			sourceTree = "<group>";
		};
		50330A272A3B92BE0073FB6D = {
			isa = PBXGroup;
			children = (
				50330A322A3B92BE0073FB6D /* Tracker */,
				50330A312A3B92BE0073FB6D /* Products */,
			);
			sourceTree = "<group>";
		};
		50330A312A3B92BE0073FB6D /* Products */ = {
			isa = PBXGroup;
			children = (
				50330A302A3B92BE0073FB6D /* Tracker.app */,
			);
			name = Products;
			sourceTree = "<group>";
		};
		50330A322A3B92BE0073FB6D /* Tracker */ = {
			isa = PBXGroup;
			children = (
				500A7A6A2A41CB6400070C40 /* App */,
				500A7A6B2A41CBAB00070C40 /* PresentationLayer */,
				500A7A6C2A41CBB800070C40 /* ServiceLayer */,
				500A7A6D2A41CBC200070C40 /* CoreLayer */,
				500A7A662A41CA3F00070C40 /* Resources */,
				500A7A672A41CA4700070C40 /* Helpers */,
				50330A412A3B92BF0073FB6D /* Info.plist */,
			);
			path = Tracker;
			sourceTree = "<group>";
		};
		504996582A45C08E00144E3A /* Presenter */ = {
			isa = PBXGroup;
			children = (
				504996592A45C0B200144E3A /* TrackersPresenter.swift */,
				5049965D2A45C12F00144E3A /* TrackersPresenterProtocol.swift */,
			);
			path = Presenter;
			sourceTree = "<group>";
		};
		5049965F2A45C86000144E3A /* Protocols */ = {
			isa = PBXGroup;
			children = (
				504996602A45C88200144E3A /* ConfigurableViewProtocol.swift */,
			);
			path = Protocols;
			sourceTree = "<group>";
		};
		504996642A45E82500144E3A /* Assembly */ = {
			isa = PBXGroup;
			children = (
				504996652A45E83E00144E3A /* TrackersAssembly.swift */,
				504996672A45E85D00144E3A /* TrackersAssemblyProtocol.swift */,
			);
			path = Assembly;
			sourceTree = "<group>";
		};
		5049966B2A46FEA300144E3A /* TrackersCreate */ = {
			isa = PBXGroup;
			children = (
				5049966D2A46FEC700144E3A /* Assembly */,
				5049966C2A46FEC000144E3A /* Controller */,
			);
			path = TrackersCreate;
			sourceTree = "<group>";
		};
		5049966C2A46FEC000144E3A /* Controller */ = {
			isa = PBXGroup;
			children = (
				504996692A45EDEB00144E3A /* TrackersCreateViewController.swift */,
			);
			path = Controller;
			sourceTree = "<group>";
		};
		5049966D2A46FEC700144E3A /* Assembly */ = {
			isa = PBXGroup;
			children = (
				5049966E2A46FEF000144E3A /* TrackersCreateAssembly.swift */,
				504996702A46FF0B00144E3A /* TrackersCreateAssemblyProtocol.swift */,
			);
			path = Assembly;
			sourceTree = "<group>";
		};
		504996722A470CD100144E3A /* View */ = {
			isa = PBXGroup;
			children = (
				504996732A470CE500144E3A /* YPPrimaryButton.swift */,
				504996872A49EAF800144E3A /* YPSecondaryButton.swift */,
				504996B12A4F107F00144E3A /* YPTextField.swift */,
			);
			path = View;
			sourceTree = "<group>";
		};
		504996752A47112E00144E3A /* NewTracker */ = {
			isa = PBXGroup;
			children = (
				504996792A47114C00144E3A /* Assembly */,
				504996762A47113600144E3A /* Controller */,
				50E988532A55C82A00E4B375 /* DataSource */,
				504996A12A4C888D00144E3A /* Presenter */,
				504996B62A4F444900144E3A /* Router */,
				504996822A49AC5D00144E3A /* View */,
			);
			path = NewTracker;
			sourceTree = "<group>";
		};
		504996762A47113600144E3A /* Controller */ = {
			isa = PBXGroup;
			children = (
				5049967A2A47116300144E3A /* NewTrackerViewController.swift */,
				5049967C2A47117800144E3A /* NewTrackerViewControllerProtocol.swift */,
				504996BB2A4F6C5F00144E3A /* NewTrackerViewControllerDelegate.swift */,
			);
			path = Controller;
			sourceTree = "<group>";
		};
		504996792A47114C00144E3A /* Assembly */ = {
			isa = PBXGroup;
			children = (
				5049967E2A47118500144E3A /* NewTrackerAssembly.swift */,
				504996802A47119400144E3A /* NewTrackerAssemblyProtocol.swift */,
			);
			path = Assembly;
			sourceTree = "<group>";
		};
		504996822A49AC5D00144E3A /* View */ = {
			isa = PBXGroup;
			children = (
				50E988502A5577A100E4B375 /* CollectionView */,
				50E9884F2A55779800E4B375 /* TableView */,
			);
			path = View;
			sourceTree = "<group>";
		};
		504996892A49F9C100144E3A /* Timetable */ = {
			isa = PBXGroup;
			children = (
				5049968F2A49FA7600144E3A /* Assembly */,
				5049968A2A49F9CE00144E3A /* Controller */,
				504996992A4C736B00144E3A /* Model */,
				5049969C2A4C743000144E3A /* Presenter */,
				504996942A4C3C3B00144E3A /* View */,
			);
			path = Timetable;
			sourceTree = "<group>";
		};
		5049968A2A49F9CE00144E3A /* Controller */ = {
			isa = PBXGroup;
			children = (
				5049968B2A49FA4D00144E3A /* TimetableViewController.swift */,
				504996A82A4CC73600144E3A /* TimetableViewControllerDelegate.swift */,
				5049968D2A49FA6600144E3A /* TimetableViewControllerProtocol.swift */,
			);
			path = Controller;
			sourceTree = "<group>";
		};
		5049968F2A49FA7600144E3A /* Assembly */ = {
			isa = PBXGroup;
			children = (
				504996902A49FA8900144E3A /* TimetableAssembly.swift */,
				504996922A49FA9B00144E3A /* TimetableAssemblyProtocol.swift */,
			);
			path = Assembly;
			sourceTree = "<group>";
		};
		504996942A4C3C3B00144E3A /* View */ = {
			isa = PBXGroup;
			children = (
				504996952A4C3C6100144E3A /* TimetableTableViewCell.swift */,
				504996972A4C711A00144E3A /* TimetableTableViewCellDelegate.swift */,
			);
			path = View;
			sourceTree = "<group>";
		};
		504996992A4C736B00144E3A /* Model */ = {
			isa = PBXGroup;
			children = (
				5049969A2A4C737D00144E3A /* WeekDay.swift */,
			);
			path = Model;
			sourceTree = "<group>";
		};
		5049969C2A4C743000144E3A /* Presenter */ = {
			isa = PBXGroup;
			children = (
				5049969D2A4C743F00144E3A /* TimetablePresenter.swift */,
				5049969F2A4C744B00144E3A /* TimetablePresenterProtocol.swift */,
			);
			path = Presenter;
			sourceTree = "<group>";
		};
		504996A12A4C888D00144E3A /* Presenter */ = {
			isa = PBXGroup;
			children = (
				504996A22A4C88A300144E3A /* NewTrackerPresenter.swift */,
				504996A42A4C88B400144E3A /* NewTrackerPresenterProtocol.swift */,
			);
			path = Presenter;
			sourceTree = "<group>";
		};
		504996B62A4F444900144E3A /* Router */ = {
			isa = PBXGroup;
			children = (
				504996B72A4F446400144E3A /* NewTrackerRouter.swift */,
				504996B92A4F447600144E3A /* NewTrackerRouterProtocol.swift */,
			);
			path = Router;
			sourceTree = "<group>";
		};
		504996BD2A4FA4BC00144E3A /* RootTabBar */ = {
			isa = PBXGroup;
			children = (
				50BAB7C22A7117DC007E0D41 /* Assembly */,
				504996BE2A4FA4CD00144E3A /* Controller */,
			);
			path = RootTabBar;
			sourceTree = "<group>";
		};
		504996BE2A4FA4CD00144E3A /* Controller */ = {
			isa = PBXGroup;
			children = (
				504996BF2A4FA4DD00144E3A /* TabBarController.swift */,
			);
			path = Controller;
			sourceTree = "<group>";
		};
		50BAB7BE2A704B2D007E0D41 /* RootPageViewController */ = {
			isa = PBXGroup;
			children = (
				50BAB7D32A712D7E007E0D41 /* Assembly */,
				50BAB7BF2A704B57007E0D41 /* Controller */,
				50BAB7DE2A716453007E0D41 /* Model */,
				50BAB7CE2A7127DF007E0D41 /* Presenter */,
				50BAB7C72A71265B007E0D41 /* Router */,
			);
			path = RootPageViewController;
			sourceTree = "<group>";
		};
		50BAB7BF2A704B57007E0D41 /* Controller */ = {
			isa = PBXGroup;
			children = (
				50BAB7C02A704B6C007E0D41 /* RootPageViewController.swift */,
				50BAB7DA2A715CF1007E0D41 /* OnboardingPageViewController.swift */,
			);
			path = Controller;
			sourceTree = "<group>";
		};
		50BAB7C22A7117DC007E0D41 /* Assembly */ = {
			isa = PBXGroup;
			children = (
				50BAB7C32A7117F4007E0D41 /* RootTabBarAssembly.swift */,
				50BAB7C52A711804007E0D41 /* RootTabBarAssemblyProtocol.swift */,
			);
			path = Assembly;
			sourceTree = "<group>";
		};
		50BAB7C72A71265B007E0D41 /* Router */ = {
			isa = PBXGroup;
			children = (
				50BAB7C82A712681007E0D41 /* RootPageRouter.swift */,
				50BAB7CC2A7126C1007E0D41 /* RootPageRouterProtocol.swift */,
			);
			path = Router;
			sourceTree = "<group>";
		};
		50BAB7CE2A7127DF007E0D41 /* Presenter */ = {
			isa = PBXGroup;
			children = (
				50BAB7CF2A7127F4007E0D41 /* RootPagePresenter.swift */,
				50BAB7D12A712803007E0D41 /* RootPagePresenterProtocol.swift */,
			);
			path = Presenter;
			sourceTree = "<group>";
		};
		50BAB7D32A712D7E007E0D41 /* Assembly */ = {
			isa = PBXGroup;
			children = (
				50BAB7D42A712DA3007E0D41 /* RootPageAssembly.swift */,
				50BAB7D62A712DBB007E0D41 /* RootPageAssemblyProtocol.swift */,
			);
			path = Assembly;
			sourceTree = "<group>";
		};
		50BAB7DE2A716453007E0D41 /* Model */ = {
			isa = PBXGroup;
			children = (
				50BAB7DF2A716469007E0D41 /* OnboardingPageModel.swift */,
			);
			path = Model;
			sourceTree = "<group>";
		};
		50BD51E82A73E2B300816C80 /* Categories */ = {
			isa = PBXGroup;
			children = (
				50BD51EB2A73E2E700816C80 /* Assembly */,
				50BD51E92A73E2CB00816C80 /* Controller */,
				50BD51EA2A73E2DA00816C80 /* Model */,
				50BD51EC2A73E2ED00816C80 /* View */,
				50BD51ED2A73E2F300816C80 /* ViewModel */,
			);
			path = Categories;
			sourceTree = "<group>";
		};
		50BD51E92A73E2CB00816C80 /* Controller */ = {
			isa = PBXGroup;
			children = (
				50BD51EE2A73E33A00816C80 /* CategoriesViewController.swift */,
				50BD51F02A73E34F00816C80 /* CategoriesViewControllerProtocol.swift */,
				50BD52162A78259800816C80 /* CategoriesViewControllerObservableOutputProtocol.swift */,
			);
			path = Controller;
			sourceTree = "<group>";
		};
		50BD51EA2A73E2DA00816C80 /* Model */ = {
			isa = PBXGroup;
			children = (
				50BD52002A73E5E800816C80 /* Observable.swift */,
			);
			path = Model;
			sourceTree = "<group>";
		};
		50BD51EB2A73E2E700816C80 /* Assembly */ = {
			isa = PBXGroup;
			children = (
				50BD51F82A73E3E600816C80 /* CategoriesAssembly.swift */,
				50BD51FA2A73E3F600816C80 /* CategoriesAssemblyProtocol.swift */,
			);
			path = Assembly;
			sourceTree = "<group>";
		};
		50BD51EC2A73E2ED00816C80 /* View */ = {
			isa = PBXGroup;
			children = (
				50BD51FC2A73E41100816C80 /* CategoriesTableViewCell.swift */,
				50BD52142A77CB2500816C80 /* CategoriesTableViewCellModel.swift */,
			);
			path = View;
			sourceTree = "<group>";
		};
		50BD51ED2A73E2F300816C80 /* ViewModel */ = {
			isa = PBXGroup;
			children = (
				50BD51F42A73E38B00816C80 /* CategoriesViewModel.swift */,
				50BD51F62A73E39B00816C80 /* CategoriesViewModelProtocol.swift */,
			);
			path = ViewModel;
			sourceTree = "<group>";
		};
		50BD52042A7674B400816C80 /* AddNewCategory */ = {
			isa = PBXGroup;
			children = (
				50BD520F2A77C35700816C80 /* Assembly */,
				50BD52052A7674CE00816C80 /* Controller */,
				50BD52082A77AFA200816C80 /* ViewModel */,
			);
			path = AddNewCategory;
			sourceTree = "<group>";
		};
		50BD52052A7674CE00816C80 /* Controller */ = {
			isa = PBXGroup;
			children = (
				50BD52062A7674E000816C80 /* AddNewCategoryViewController.swift */,
				50BD520D2A77B37600816C80 /* AddNewCategoryViewControllerProtocol.swift */,
				50BD52182A79472000816C80 /* AddNewCategoryViewControllerObservableOutputProtocol.swift */,
			);
			path = Controller;
			sourceTree = "<group>";
		};
		50BD52082A77AFA200816C80 /* ViewModel */ = {
			isa = PBXGroup;
			children = (
				50BD52092A77AFC200816C80 /* AddNewCategoryViewModel.swift */,
				50BD520B2A77B04500816C80 /* AddNewCategoryViewModelProtocol.swift */,
			);
			path = ViewModel;
			sourceTree = "<group>";
		};
		50BD520F2A77C35700816C80 /* Assembly */ = {
			isa = PBXGroup;
			children = (
				50BD52102A77C38800816C80 /* AddNewCategoryAssembly.swift */,
				50BD52122A77C3D500816C80 /* AddNewCategoryAssemblyProtocol.swift */,
			);
			path = Assembly;
			sourceTree = "<group>";
		};
		50DDA41E2A687BC900ED0CF6 /* TrackerTimetable */ = {
			isa = PBXGroup;
			children = (
				50E064422A66F031006BE3FE /* TrackerTimetable.swift */,
				50DDA41F2A687BDE00ED0CF6 /* TrackerTimetable+CoreDataPersistable.swift */,
				50DDA4222A687D1900ED0CF6 /* TrackerTimeTableCastError.swift */,
			);
			path = TrackerTimetable;
			sourceTree = "<group>";
		};
		50E0641B2A654FE3006BE3FE /* CoreData */ = {
			isa = PBXGroup;
			children = (
				50E064502A6717E7006BE3FE /* Protocols */,
				50E0642B2A65786A006BE3FE /* Tracker */,
				50E0642C2A65787E006BE3FE /* TrackerCategory */,
				50E0642D2A657889006BE3FE /* TrackerRecord */,
			);
			path = CoreData;
			sourceTree = "<group>";
		};
		50E0642B2A65786A006BE3FE /* Tracker */ = {
			isa = PBXGroup;
			children = (
				50E0641C2A655006006BE3FE /* TrackerStore.swift */,
				50E064272A656FA2006BE3FE /* TrackerStoreDelegate.swift */,
				50E0642E2A6578A0006BE3FE /* TrackerStoreProtocol.swift */,
			);
			path = Tracker;
			sourceTree = "<group>";
		};
		50E0642C2A65787E006BE3FE /* TrackerCategory */ = {
			isa = PBXGroup;
			children = (
				50E0641E2A655015006BE3FE /* TrackerCategoryStore.swift */,
				50E064302A658755006BE3FE /* TrackerCategoryStoreDelegate.swift */,
				50E064342A6588CC006BE3FE /* TrackerCategoryStoreError.swift */,
				50E064322A6587E8006BE3FE /* TrackerCategoryStoreProtocol.swift */,
			);
			path = TrackerCategory;
			sourceTree = "<group>";
		};
		50E0642D2A657889006BE3FE /* TrackerRecord */ = {
			isa = PBXGroup;
			children = (
				50E064202A65502B006BE3FE /* TrackerRecordStore.swift */,
				50E064362A659DA2006BE3FE /* TrackerRecordStoreDelegate.swift */,
				50E064382A659E46006BE3FE /* TrackerRecordStoreError.swift */,
				50E0643A2A669D85006BE3FE /* TrackerRecordStoreProtocol.swift */,
			);
			path = TrackerRecord;
			sourceTree = "<group>";
		};
		50E064462A66F0C2006BE3FE /* Models */ = {
			isa = PBXGroup;
			children = (
				50DDA41E2A687BC900ED0CF6 /* TrackerTimetable */,
				502347F92A422EA400D41D79 /* Tracker */,
				50E064472A66F0EB006BE3FE /* TrackerCategory */,
				50E0644D2A670D7C006BE3FE /* TrackerRecord */,
			);
			path = Models;
			sourceTree = "<group>";
		};
		50E064472A66F0EB006BE3FE /* TrackerCategory */ = {
			isa = PBXGroup;
			children = (
				502348002A423A1F00D41D79 /* TrackerCategory.swift */,
				50E0644B2A66F2FB006BE3FE /* TrackerCategory+CoreDataPersistable.swift */,
			);
			path = TrackerCategory;
			sourceTree = "<group>";
		};
		50E0644D2A670D7C006BE3FE /* TrackerRecord */ = {
			isa = PBXGroup;
			children = (
				502348022A423A3800D41D79 /* TrackerRecord.swift */,
				50E0644E2A670DA4006BE3FE /* TrackerRecord+CoreDataPersistable.swift */,
			);
			path = TrackerRecord;
			sourceTree = "<group>";
		};
		50E064502A6717E7006BE3FE /* Protocols */ = {
			isa = PBXGroup;
			children = (
				50E064442A66F056006BE3FE /* CoreDataPersistable.swift */,
			);
			path = Protocols;
			sourceTree = "<group>";
		};
		50E9884F2A55779800E4B375 /* TableView */ = {
			isa = PBXGroup;
			children = (
				504996852A49B56600144E3A /* NewTrackerTableViewCell.swift */,
				504996AA2A4CD21800144E3A /* NewTrackerTableViewCellModel.swift */,
			);
			path = TableView;
			sourceTree = "<group>";
		};
		50E988502A5577A100E4B375 /* CollectionView */ = {
			isa = PBXGroup;
			children = (
				50E988472A55747A00E4B375 /* NewTrackerCollectionViewHeader.swift */,
				50E988492A55765500E4B375 /* NewTrackerCollectionViewHeaderModel.swift */,
				50E988582A55CCBB00E4B375 /* NewTrackerColorCollectionViewCell.swift */,
				50E9885A2A55CCD000E4B375 /* NewTrackerColorCollectionViewCellModel.swift */,
				50E9884B2A55776800E4B375 /* NewTrackerEmojiCollectionViewCell.swift */,
				50E9884D2A55778800E4B375 /* NewTrackerEmojiCollectionViewCellModel.swift */,
			);
			path = CollectionView;
			sourceTree = "<group>";
		};
		50E988532A55C82A00E4B375 /* DataSource */ = {
			isa = PBXGroup;
			children = (
				50E988542A55C83B00E4B375 /* DataSourceProvider.swift */,
				50E988562A55CB3F00E4B375 /* DataSourceProviderProtocol.swift */,
			);
			path = DataSource;
			sourceTree = "<group>";
		};
/* End PBXGroup section */

/* Begin PBXNativeTarget section */
		50330A2F2A3B92BE0073FB6D /* Tracker */ = {
			isa = PBXNativeTarget;
			buildConfigurationList = 50330A442A3B92BF0073FB6D /* Build configuration list for PBXNativeTarget "Tracker" */;
			buildPhases = (
				50330A2C2A3B92BE0073FB6D /* Sources */,
				50330A2D2A3B92BE0073FB6D /* Frameworks */,
				50330A2E2A3B92BE0073FB6D /* Resources */,
			);
			buildRules = (
			);
			dependencies = (
			);
			name = Tracker;
			productName = Tracker;
			productReference = 50330A302A3B92BE0073FB6D /* Tracker.app */;
			productType = "com.apple.product-type.application";
		};
/* End PBXNativeTarget section */

/* Begin PBXProject section */
		50330A282A3B92BE0073FB6D /* Project object */ = {
			isa = PBXProject;
			attributes = {
				BuildIndependentTargetsInParallel = 1;
				LastSwiftUpdateCheck = 1420;
				LastUpgradeCheck = 1420;
				TargetAttributes = {
					50330A2F2A3B92BE0073FB6D = {
						CreatedOnToolsVersion = 14.2;
					};
				};
			};
			buildConfigurationList = 50330A2B2A3B92BE0073FB6D /* Build configuration list for PBXProject "Tracker" */;
			compatibilityVersion = "Xcode 14.0";
			developmentRegion = en;
			hasScannedForEncodings = 0;
			knownRegions = (
				en,
				Base,
				ru,
			);
			mainGroup = 50330A272A3B92BE0073FB6D;
			productRefGroup = 50330A312A3B92BE0073FB6D /* Products */;
			projectDirPath = "";
			projectRoot = "";
			targets = (
				50330A2F2A3B92BE0073FB6D /* Tracker */,
			);
		};
/* End PBXProject section */

/* Begin PBXResourcesBuildPhase section */
		50330A2E2A3B92BE0073FB6D /* Resources */ = {
			isa = PBXResourcesBuildPhase;
			buildActionMask = 2147483647;
			files = (
				50330A402A3B92BF0073FB6D /* LaunchScreen.storyboard in Resources */,
				50330A3D2A3B92BF0073FB6D /* Assets.xcassets in Resources */,
				5074D82C2A83B0E700BD9D4B /* Localizable.stringsdict in Resources */,
			);
			runOnlyForDeploymentPostprocessing = 0;
		};
/* End PBXResourcesBuildPhase section */

/* Begin PBXSourcesBuildPhase section */
		50330A2C2A3B92BE0073FB6D /* Sources */ = {
			isa = PBXSourcesBuildPhase;
			buildActionMask = 2147483647;
			files = (
				504996AD2A4EFC4500144E3A /* DIStorage.swift in Sources */,
				5049967D2A47117800144E3A /* NewTrackerViewControllerProtocol.swift in Sources */,
				504996BA2A4F447600144E3A /* NewTrackerRouterProtocol.swift in Sources */,
				50BAB7C92A712681007E0D41 /* RootPageRouter.swift in Sources */,
				50BAB7D72A712DBB007E0D41 /* RootPageAssemblyProtocol.swift in Sources */,
				50E9884A2A55765500E4B375 /* NewTrackerCollectionViewHeaderModel.swift in Sources */,
				504996932A49FA9B00144E3A /* TimetableAssemblyProtocol.swift in Sources */,
				504996A32A4C88A300144E3A /* NewTrackerPresenter.swift in Sources */,
				502348032A423A3800D41D79 /* TrackerRecord.swift in Sources */,
				50BAB7D02A7127F4007E0D41 /* RootPagePresenter.swift in Sources */,
				5049966A2A45EDEB00144E3A /* TrackersCreateViewController.swift in Sources */,
				5049969E2A4C743F00144E3A /* TimetablePresenter.swift in Sources */,
				50BD52072A7674E000816C80 /* AddNewCategoryViewController.swift in Sources */,
				50330A342A3B92BE0073FB6D /* AppDelegate.swift in Sources */,
				504996912A49FA8900144E3A /* TimetableAssembly.swift in Sources */,
				50E0644A2A66F116006BE3FE /* Tracker+CoreDataPersistable.swift in Sources */,
				50BD51F12A73E34F00816C80 /* CategoriesViewControllerProtocol.swift in Sources */,
				50BD52192A79472000816C80 /* AddNewCategoryViewControllerObservableOutputProtocol.swift in Sources */,
				50BD51F92A73E3E600816C80 /* CategoriesAssembly.swift in Sources */,
				502347E92A41D5D500D41D79 /* StatisticsViewController.swift in Sources */,
				5049965E2A45C12F00144E3A /* TrackersPresenterProtocol.swift in Sources */,
				504996B22A4F107F00144E3A /* YPTextField.swift in Sources */,
				50BD52132A77C3D500816C80 /* AddNewCategoryAssemblyProtocol.swift in Sources */,
				5049965C2A45C0F400144E3A /* TrackersViewControllerProtocol.swift in Sources */,
				502347F82A422E6200D41D79 /* TrackersCollectionViewCell.swift in Sources */,
				504996962A4C3C6100144E3A /* TimetableTableViewCell.swift in Sources */,
				50BAB7D22A712803007E0D41 /* RootPagePresenterProtocol.swift in Sources */,
				504996AB2A4CD21800144E3A /* NewTrackerTableViewCellModel.swift in Sources */,
				50DDA4202A687BDE00ED0CF6 /* TrackerTimetable+CoreDataPersistable.swift in Sources */,
				504996BC2A4F6C5F00144E3A /* NewTrackerViewControllerDelegate.swift in Sources */,
				5049968E2A49FA6600144E3A /* TimetableViewControllerProtocol.swift in Sources */,
				504996982A4C711A00144E3A /* TimetableTableViewCellDelegate.swift in Sources */,
				50E988592A55CCBB00E4B375 /* NewTrackerColorCollectionViewCell.swift in Sources */,
				504996682A45E85D00144E3A /* TrackersAssemblyProtocol.swift in Sources */,
				50E988552A55C83B00E4B375 /* DataSourceProvider.swift in Sources */,
				501A4DFC2A52FB9C0071A559 /* UITableViewCell+Extensions.swift in Sources */,
				504996B82A4F446400144E3A /* NewTrackerRouter.swift in Sources */,
				50E9885B2A55CCD000E4B375 /* NewTrackerColorCollectionViewCellModel.swift in Sources */,
				50E0642A2A657137006BE3FE /* TrackerCastError.swift in Sources */,
				50BAB7C12A704B6C007E0D41 /* RootPageViewController.swift in Sources */,
				50E064312A658755006BE3FE /* TrackerCategoryStoreDelegate.swift in Sources */,
				5049969B2A4C737D00144E3A /* WeekDay.swift in Sources */,
				502347F32A41F66B00D41D79 /* CGFloat+Extensions.swift in Sources */,
				50E0641D2A655006006BE3FE /* TrackerStore.swift in Sources */,
				504996712A46FF0B00144E3A /* TrackersCreateAssemblyProtocol.swift in Sources */,
				502347E52A41D2EE00D41D79 /* TrackersViewController.swift in Sources */,
				501A4DF72A5082470071A559 /* GeometricParams.swift in Sources */,
				50E988572A55CB3F00E4B375 /* DataSourceProviderProtocol.swift in Sources */,
				50BD52012A73E5E800816C80 /* Observable.swift in Sources */,
				50BD51EF2A73E33A00816C80 /* CategoriesViewController.swift in Sources */,
				5049967B2A47116300144E3A /* NewTrackerViewController.swift in Sources */,
				504996632A45D4B900144E3A /* TrackersCollectionViewCellDelegate.swift in Sources */,
				50BD52152A77CB2500816C80 /* CategoriesTableViewCellModel.swift in Sources */,
				50BD51FB2A73E3F600816C80 /* CategoriesAssemblyProtocol.swift in Sources */,
				504996A02A4C744B00144E3A /* TimetablePresenterProtocol.swift in Sources */,
				502347FB2A422EC700D41D79 /* TrackersHeader.swift in Sources */,
				50E9884C2A55776800E4B375 /* NewTrackerEmojiCollectionViewCell.swift in Sources */,
				50BD52112A77C38800816C80 /* AddNewCategoryAssembly.swift in Sources */,
				504996882A49EAF800144E3A /* YPSecondaryButton.swift in Sources */,
				50E0641F2A655015006BE3FE /* TrackerCategoryStore.swift in Sources */,
				502348012A423A1F00D41D79 /* TrackerCategory.swift in Sources */,
				50BAB7DB2A715CF1007E0D41 /* OnboardingPageViewController.swift in Sources */,
				50E064212A65502B006BE3FE /* TrackerRecordStore.swift in Sources */,
				50BAB7E02A716469007E0D41 /* OnboardingPageModel.swift in Sources */,
				504996AF2A4EFC5400144E3A /* DIStorageProtocol.swift in Sources */,
				504996662A45E83E00144E3A /* TrackersAssembly.swift in Sources */,
				50E064332A6587E8006BE3FE /* TrackerCategoryStoreProtocol.swift in Sources */,
				50E0644C2A66F2FB006BE3FE /* TrackerCategory+CoreDataPersistable.swift in Sources */,
				50E064352A6588CC006BE3FE /* TrackerCategoryStoreError.swift in Sources */,
				502347FF2A423A0800D41D79 /* Tracker.swift in Sources */,
				50BAB7D52A712DA3007E0D41 /* RootPageAssembly.swift in Sources */,
				50BD51F72A73E39B00816C80 /* CategoriesViewModelProtocol.swift in Sources */,
				50E0642F2A6578A0006BE3FE /* TrackerStoreProtocol.swift in Sources */,
				50BD520C2A77B04600816C80 /* AddNewCategoryViewModelProtocol.swift in Sources */,
				50BD51FD2A73E41100816C80 /* CategoriesTableViewCell.swift in Sources */,
				504996742A470CE500144E3A /* YPPrimaryButton.swift in Sources */,
				5049965A2A45C0B200144E3A /* TrackersPresenter.swift in Sources */,
				50E064282A656FA2006BE3FE /* TrackerStoreDelegate.swift in Sources */,
				5049966F2A46FEF000144E3A /* TrackersCreateAssembly.swift in Sources */,
				50BD51F52A73E38B00816C80 /* CategoriesViewModel.swift in Sources */,
				50E988482A55747B00E4B375 /* NewTrackerCollectionViewHeader.swift in Sources */,
				504996812A47119400144E3A /* NewTrackerAssemblyProtocol.swift in Sources */,
				50BAB7C62A711804007E0D41 /* RootTabBarAssemblyProtocol.swift in Sources */,
				50E0643B2A669D85006BE3FE /* TrackerRecordStoreProtocol.swift in Sources */,
				50E9884E2A55778800E4B375 /* NewTrackerEmojiCollectionViewCellModel.swift in Sources */,
				5049967F2A47118500144E3A /* NewTrackerAssembly.swift in Sources */,
				50330A362A3B92BE0073FB6D /* SceneDelegate.swift in Sources */,
				500A7A692A41CA6700070C40 /* UIColor+Extensions.swift in Sources */,
				504996C02A4FA4DD00144E3A /* TabBarController.swift in Sources */,
				50E064432A66F031006BE3FE /* TrackerTimetable.swift in Sources */,
				504996A52A4C88B400144E3A /* NewTrackerPresenterProtocol.swift in Sources */,
				50E064452A66F056006BE3FE /* CoreDataPersistable.swift in Sources */,
				50E064392A659E46006BE3FE /* TrackerRecordStoreError.swift in Sources */,
				50BD520E2A77B37600816C80 /* AddNewCategoryViewControllerProtocol.swift in Sources */,
				50E0644F2A670DA4006BE3FE /* TrackerRecord+CoreDataPersistable.swift in Sources */,
				504996A92A4CC73600144E3A /* TimetableViewControllerDelegate.swift in Sources */,
				50E064242A65515E006BE3FE /* Tracker.xcdatamodeld in Sources */,
				50BAB7CD2A7126C1007E0D41 /* RootPageRouterProtocol.swift in Sources */,
				504996862A49B56600144E3A /* NewTrackerTableViewCell.swift in Sources */,
				502347FD2A4234C000D41D79 /* TrackersPlaceholderView.swift in Sources */,
				50BAB7C42A7117F4007E0D41 /* RootTabBarAssembly.swift in Sources */,
				50E064372A659DA2006BE3FE /* TrackerRecordStoreDelegate.swift in Sources */,
				50BD52172A78259800816C80 /* CategoriesViewControllerObservableOutputProtocol.swift in Sources */,
				5017451E2A5463AE007A1400 /* TrackersPlaceholderViewModel.swift in Sources */,
				504996612A45C88200144E3A /* ConfigurableViewProtocol.swift in Sources */,
				50BD520A2A77AFC200816C80 /* AddNewCategoryViewModel.swift in Sources */,
				5049968C2A49FA4D00144E3A /* TimetableViewController.swift in Sources */,
				50DDA4232A687D1900ED0CF6 /* TrackerTimeTableCastError.swift in Sources */,
			);
			runOnlyForDeploymentPostprocessing = 0;
		};
/* End PBXSourcesBuildPhase section */

/* Begin PBXVariantGroup section */
		50330A3E2A3B92BF0073FB6D /* LaunchScreen.storyboard */ = {
			isa = PBXVariantGroup;
			children = (
				502347F52A41FD6800D41D79 /* ru */,
			);
			name = LaunchScreen.storyboard;
			sourceTree = "<group>";
		};
		5074D82E2A83B0E700BD9D4B /* Localizable.stringsdict */ = {
			isa = PBXVariantGroup;
			children = (
				5074D82D2A83B0E700BD9D4B /* en */,
				5074D82F2A83B0EB00BD9D4B /* ru */,
			);
			name = Localizable.stringsdict;
			sourceTree = "<group>";
		};
/* End PBXVariantGroup section */

/* Begin XCBuildConfiguration section */
		50330A422A3B92BF0073FB6D /* Debug */ = {
			isa = XCBuildConfiguration;
			buildSettings = {
				ALWAYS_SEARCH_USER_PATHS = NO;
				CLANG_ANALYZER_LOCALIZABILITY_NONLOCALIZED = YES;
				CLANG_ANALYZER_NONNULL = YES;
				CLANG_ANALYZER_NUMBER_OBJECT_CONVERSION = YES_AGGRESSIVE;
				CLANG_CXX_LANGUAGE_STANDARD = "gnu++20";
				CLANG_ENABLE_MODULES = YES;
				CLANG_ENABLE_OBJC_ARC = YES;
				CLANG_ENABLE_OBJC_WEAK = YES;
				CLANG_WARN_BLOCK_CAPTURE_AUTORELEASING = YES;
				CLANG_WARN_BOOL_CONVERSION = YES;
				CLANG_WARN_COMMA = YES;
				CLANG_WARN_CONSTANT_CONVERSION = YES;
				CLANG_WARN_DEPRECATED_OBJC_IMPLEMENTATIONS = YES;
				CLANG_WARN_DIRECT_OBJC_ISA_USAGE = YES_ERROR;
				CLANG_WARN_DOCUMENTATION_COMMENTS = YES;
				CLANG_WARN_EMPTY_BODY = YES;
				CLANG_WARN_ENUM_CONVERSION = YES;
				CLANG_WARN_INFINITE_RECURSION = YES;
				CLANG_WARN_INT_CONVERSION = YES;
				CLANG_WARN_NON_LITERAL_NULL_CONVERSION = YES;
				CLANG_WARN_OBJC_IMPLICIT_RETAIN_SELF = YES;
				CLANG_WARN_OBJC_LITERAL_CONVERSION = YES;
				CLANG_WARN_OBJC_ROOT_CLASS = YES_ERROR;
				CLANG_WARN_QUOTED_INCLUDE_IN_FRAMEWORK_HEADER = YES;
				CLANG_WARN_RANGE_LOOP_ANALYSIS = YES;
				CLANG_WARN_STRICT_PROTOTYPES = YES;
				CLANG_WARN_SUSPICIOUS_MOVE = YES;
				CLANG_WARN_UNGUARDED_AVAILABILITY = YES_AGGRESSIVE;
				CLANG_WARN_UNREACHABLE_CODE = YES;
				CLANG_WARN__DUPLICATE_METHOD_MATCH = YES;
				COPY_PHASE_STRIP = NO;
				DEBUG_INFORMATION_FORMAT = dwarf;
				ENABLE_STRICT_OBJC_MSGSEND = YES;
				ENABLE_TESTABILITY = YES;
				GCC_C_LANGUAGE_STANDARD = gnu11;
				GCC_DYNAMIC_NO_PIC = NO;
				GCC_NO_COMMON_BLOCKS = YES;
				GCC_OPTIMIZATION_LEVEL = 0;
				GCC_PREPROCESSOR_DEFINITIONS = (
					"DEBUG=1",
					"$(inherited)",
				);
				GCC_WARN_64_TO_32_BIT_CONVERSION = YES;
				GCC_WARN_ABOUT_RETURN_TYPE = YES_ERROR;
				GCC_WARN_UNDECLARED_SELECTOR = YES;
				GCC_WARN_UNINITIALIZED_AUTOS = YES_AGGRESSIVE;
				GCC_WARN_UNUSED_FUNCTION = YES;
				GCC_WARN_UNUSED_VARIABLE = YES;
				IPHONEOS_DEPLOYMENT_TARGET = 16.2;
				MTL_ENABLE_DEBUG_INFO = INCLUDE_SOURCE;
				MTL_FAST_MATH = YES;
				ONLY_ACTIVE_ARCH = YES;
				SDKROOT = iphoneos;
				SWIFT_ACTIVE_COMPILATION_CONDITIONS = DEBUG;
				SWIFT_OPTIMIZATION_LEVEL = "-Onone";
			};
			name = Debug;
		};
		50330A432A3B92BF0073FB6D /* Release */ = {
			isa = XCBuildConfiguration;
			buildSettings = {
				ALWAYS_SEARCH_USER_PATHS = NO;
				CLANG_ANALYZER_LOCALIZABILITY_NONLOCALIZED = YES;
				CLANG_ANALYZER_NONNULL = YES;
				CLANG_ANALYZER_NUMBER_OBJECT_CONVERSION = YES_AGGRESSIVE;
				CLANG_CXX_LANGUAGE_STANDARD = "gnu++20";
				CLANG_ENABLE_MODULES = YES;
				CLANG_ENABLE_OBJC_ARC = YES;
				CLANG_ENABLE_OBJC_WEAK = YES;
				CLANG_WARN_BLOCK_CAPTURE_AUTORELEASING = YES;
				CLANG_WARN_BOOL_CONVERSION = YES;
				CLANG_WARN_COMMA = YES;
				CLANG_WARN_CONSTANT_CONVERSION = YES;
				CLANG_WARN_DEPRECATED_OBJC_IMPLEMENTATIONS = YES;
				CLANG_WARN_DIRECT_OBJC_ISA_USAGE = YES_ERROR;
				CLANG_WARN_DOCUMENTATION_COMMENTS = YES;
				CLANG_WARN_EMPTY_BODY = YES;
				CLANG_WARN_ENUM_CONVERSION = YES;
				CLANG_WARN_INFINITE_RECURSION = YES;
				CLANG_WARN_INT_CONVERSION = YES;
				CLANG_WARN_NON_LITERAL_NULL_CONVERSION = YES;
				CLANG_WARN_OBJC_IMPLICIT_RETAIN_SELF = YES;
				CLANG_WARN_OBJC_LITERAL_CONVERSION = YES;
				CLANG_WARN_OBJC_ROOT_CLASS = YES_ERROR;
				CLANG_WARN_QUOTED_INCLUDE_IN_FRAMEWORK_HEADER = YES;
				CLANG_WARN_RANGE_LOOP_ANALYSIS = YES;
				CLANG_WARN_STRICT_PROTOTYPES = YES;
				CLANG_WARN_SUSPICIOUS_MOVE = YES;
				CLANG_WARN_UNGUARDED_AVAILABILITY = YES_AGGRESSIVE;
				CLANG_WARN_UNREACHABLE_CODE = YES;
				CLANG_WARN__DUPLICATE_METHOD_MATCH = YES;
				COPY_PHASE_STRIP = NO;
				DEBUG_INFORMATION_FORMAT = "dwarf-with-dsym";
				ENABLE_NS_ASSERTIONS = NO;
				ENABLE_STRICT_OBJC_MSGSEND = YES;
				GCC_C_LANGUAGE_STANDARD = gnu11;
				GCC_NO_COMMON_BLOCKS = YES;
				GCC_WARN_64_TO_32_BIT_CONVERSION = YES;
				GCC_WARN_ABOUT_RETURN_TYPE = YES_ERROR;
				GCC_WARN_UNDECLARED_SELECTOR = YES;
				GCC_WARN_UNINITIALIZED_AUTOS = YES_AGGRESSIVE;
				GCC_WARN_UNUSED_FUNCTION = YES;
				GCC_WARN_UNUSED_VARIABLE = YES;
				IPHONEOS_DEPLOYMENT_TARGET = 16.2;
				MTL_ENABLE_DEBUG_INFO = NO;
				MTL_FAST_MATH = YES;
				SDKROOT = iphoneos;
				SWIFT_COMPILATION_MODE = wholemodule;
				SWIFT_OPTIMIZATION_LEVEL = "-O";
				VALIDATE_PRODUCT = YES;
			};
			name = Release;
		};
		50330A452A3B92BF0073FB6D /* Debug */ = {
			isa = XCBuildConfiguration;
			buildSettings = {
				ASSETCATALOG_COMPILER_APPICON_NAME = AppIcon;
				ASSETCATALOG_COMPILER_GLOBAL_ACCENT_COLOR_NAME = AccentColor;
				CODE_SIGN_STYLE = Automatic;
				CURRENT_PROJECT_VERSION = 1;
				DEVELOPMENT_TEAM = PB35Q42M39;
				GENERATE_INFOPLIST_FILE = YES;
				INFOPLIST_FILE = Tracker/Info.plist;
				INFOPLIST_KEY_UIApplicationSupportsIndirectInputEvents = YES;
				INFOPLIST_KEY_UILaunchStoryboardName = LaunchScreen.storyboard;
				INFOPLIST_KEY_UISupportedInterfaceOrientations = UIInterfaceOrientationPortrait;
				INFOPLIST_KEY_UISupportedInterfaceOrientations_iPad = "UIInterfaceOrientationLandscapeLeft UIInterfaceOrientationLandscapeRight UIInterfaceOrientationPortrait UIInterfaceOrientationPortraitUpsideDown";
				IPHONEOS_DEPLOYMENT_TARGET = 13.4;
				LD_RUNPATH_SEARCH_PATHS = (
					"$(inherited)",
					"@executable_path/Frameworks",
				);
				MARKETING_VERSION = 1.0;
				PRODUCT_BUNDLE_IDENTIFIER = ru.reginayushk.Tracker;
				PRODUCT_NAME = "$(TARGET_NAME)";
				SUPPORTED_PLATFORMS = "iphoneos iphonesimulator";
				SUPPORTS_MACCATALYST = NO;
				SUPPORTS_MAC_DESIGNED_FOR_IPHONE_IPAD = YES;
				SWIFT_EMIT_LOC_STRINGS = YES;
				SWIFT_VERSION = 5.0;
				TARGETED_DEVICE_FAMILY = 1;
			};
			name = Debug;
		};
		50330A462A3B92BF0073FB6D /* Release */ = {
			isa = XCBuildConfiguration;
			buildSettings = {
				ASSETCATALOG_COMPILER_APPICON_NAME = AppIcon;
				ASSETCATALOG_COMPILER_GLOBAL_ACCENT_COLOR_NAME = AccentColor;
				CODE_SIGN_STYLE = Automatic;
				CURRENT_PROJECT_VERSION = 1;
				DEVELOPMENT_TEAM = PB35Q42M39;
				GENERATE_INFOPLIST_FILE = YES;
				INFOPLIST_FILE = Tracker/Info.plist;
				INFOPLIST_KEY_UIApplicationSupportsIndirectInputEvents = YES;
				INFOPLIST_KEY_UILaunchStoryboardName = LaunchScreen.storyboard;
				INFOPLIST_KEY_UISupportedInterfaceOrientations = UIInterfaceOrientationPortrait;
				INFOPLIST_KEY_UISupportedInterfaceOrientations_iPad = "UIInterfaceOrientationLandscapeLeft UIInterfaceOrientationLandscapeRight UIInterfaceOrientationPortrait UIInterfaceOrientationPortraitUpsideDown";
				IPHONEOS_DEPLOYMENT_TARGET = 13.4;
				LD_RUNPATH_SEARCH_PATHS = (
					"$(inherited)",
					"@executable_path/Frameworks",
				);
				MARKETING_VERSION = 1.0;
				PRODUCT_BUNDLE_IDENTIFIER = ru.reginayushk.Tracker;
				PRODUCT_NAME = "$(TARGET_NAME)";
				SUPPORTED_PLATFORMS = "iphoneos iphonesimulator";
				SUPPORTS_MACCATALYST = NO;
				SUPPORTS_MAC_DESIGNED_FOR_IPHONE_IPAD = YES;
				SWIFT_EMIT_LOC_STRINGS = YES;
				SWIFT_VERSION = 5.0;
				TARGETED_DEVICE_FAMILY = 1;
			};
			name = Release;
		};
/* End XCBuildConfiguration section */

/* Begin XCConfigurationList section */
		50330A2B2A3B92BE0073FB6D /* Build configuration list for PBXProject "Tracker" */ = {
			isa = XCConfigurationList;
			buildConfigurations = (
				50330A422A3B92BF0073FB6D /* Debug */,
				50330A432A3B92BF0073FB6D /* Release */,
			);
			defaultConfigurationIsVisible = 0;
			defaultConfigurationName = Release;
		};
		50330A442A3B92BF0073FB6D /* Build configuration list for PBXNativeTarget "Tracker" */ = {
			isa = XCConfigurationList;
			buildConfigurations = (
				50330A452A3B92BF0073FB6D /* Debug */,
				50330A462A3B92BF0073FB6D /* Release */,
			);
			defaultConfigurationIsVisible = 0;
			defaultConfigurationName = Release;
		};
/* End XCConfigurationList section */

/* Begin XCVersionGroup section */
		50E064222A65515E006BE3FE /* Tracker.xcdatamodeld */ = {
			isa = XCVersionGroup;
			children = (
				50E064232A65515E006BE3FE /* Tracker.xcdatamodel */,
			);
			currentVersion = 50E064232A65515E006BE3FE /* Tracker.xcdatamodel */;
			path = Tracker.xcdatamodeld;
			sourceTree = "<group>";
			versionGroupType = wrapper.xcdatamodel;
		};
/* End XCVersionGroup section */
	};
	rootObject = 50330A282A3B92BE0073FB6D /* Project object */;
}
